// !$*UTF8*$!
{
	archiveVersion = 1;
	classes = {
	};
	objectVersion = 55;
	objects = {

/* Begin PBXBuildFile section */
		802302F228B19B5F0008B41C /* Products.plist in Resources */ = {isa = PBXBuildFile; fileRef = 802302F128B19B5F0008B41C /* Products.plist */; };
		802302F328B19B5F0008B41C /* Products.plist in Resources */ = {isa = PBXBuildFile; fileRef = 802302F128B19B5F0008B41C /* Products.plist */; };
		802302F528B21BCB0008B41C /* ProductView.swift in Sources */ = {isa = PBXBuildFile; fileRef = 802302F428B21BCB0008B41C /* ProductView.swift */; };
		802302F628B21BCB0008B41C /* ProductView.swift in Sources */ = {isa = PBXBuildFile; fileRef = 802302F428B21BCB0008B41C /* ProductView.swift */; };
		8036FE3928B01FE100A94DBE /* ADBanner.swift in Sources */ = {isa = PBXBuildFile; fileRef = 8036FE3828B01FE100A94DBE /* ADBanner.swift */; };
		8036FE3A28B01FE100A94DBE /* ADBanner.swift in Sources */ = {isa = PBXBuildFile; fileRef = 8036FE3828B01FE100A94DBE /* ADBanner.swift */; };
		8036FE3D28B0204C00A94DBE /* GoogleMobileAds in Frameworks */ = {isa = PBXBuildFile; productRef = 8036FE3C28B0204C00A94DBE /* GoogleMobileAds */; };
		8036FE4028B0220500A94DBE /* GoogleMobileAds in Frameworks */ = {isa = PBXBuildFile; productRef = 8036FE3F28B0220500A94DBE /* GoogleMobileAds */; };
		8036FE4528B0D3E000A94DBE /* ModuleView.swift in Sources */ = {isa = PBXBuildFile; fileRef = 8036FE4428B0D3E000A94DBE /* ModuleView.swift */; };
		8036FE4628B0D3E000A94DBE /* ModuleView.swift in Sources */ = {isa = PBXBuildFile; fileRef = 8036FE4428B0D3E000A94DBE /* ModuleView.swift */; };
		8036FE5328B1016000A94DBE /* Configuration_Sternik.storekit in Resources */ = {isa = PBXBuildFile; fileRef = 8036FE5228B1016000A94DBE /* Configuration_Sternik.storekit */; };
		8036FE5428B1016000A94DBE /* Configuration_Sternik.storekit in Resources */ = {isa = PBXBuildFile; fileRef = 8036FE5228B1016000A94DBE /* Configuration_Sternik.storekit */; };
		8048F8C028ACC82300A209BA /* StatsView.swift in Sources */ = {isa = PBXBuildFile; fileRef = 8048F8BF28ACC82200A209BA /* StatsView.swift */; };
		8048F8C128ACC82300A209BA /* StatsView.swift in Sources */ = {isa = PBXBuildFile; fileRef = 8048F8BF28ACC82200A209BA /* StatsView.swift */; };
		80A3524D28B2D8960094ADC9 /* QuestionsList.swift in Sources */ = {isa = PBXBuildFile; fileRef = 80A3524B28B2D8960094ADC9 /* QuestionsList.swift */; };
		80A3524E28B2D8960094ADC9 /* QuestionsList.swift in Sources */ = {isa = PBXBuildFile; fileRef = 80A3524B28B2D8960094ADC9 /* QuestionsList.swift */; };
		80A3524F28B2D8960094ADC9 /* Store.swift in Sources */ = {isa = PBXBuildFile; fileRef = 80A3524C28B2D8960094ADC9 /* Store.swift */; };
		80A3525028B2D8960094ADC9 /* Store.swift in Sources */ = {isa = PBXBuildFile; fileRef = 80A3524C28B2D8960094ADC9 /* Store.swift */; };
		80A6801628A6B69600C28473 /* Configuration_VHF.storekit in Resources */ = {isa = PBXBuildFile; fileRef = 80A6801528A6B69600C28473 /* Configuration_VHF.storekit */; };
		80B0F10428A460E00056A911 /* MainView.swift in Sources */ = {isa = PBXBuildFile; fileRef = 80B0F10328A460E00056A911 /* MainView.swift */; };
		80B0F10528A460E00056A911 /* MainView.swift in Sources */ = {isa = PBXBuildFile; fileRef = 80B0F10328A460E00056A911 /* MainView.swift */; };
		80C88BF12885F8A300059C2C /* question.swift in Sources */ = {isa = PBXBuildFile; fileRef = 80C88BF02885F8A200059C2C /* question.swift */; };
		80CF62D328A0756D00C59CAD /* QuestionView.swift in Sources */ = {isa = PBXBuildFile; fileRef = 80D7D84A2884A12B009EB03A /* QuestionView.swift */; };
		80CF62D528A0756D00C59CAD /* SternikApp.swift in Sources */ = {isa = PBXBuildFile; fileRef = 80D7D8492884A12B009EB03A /* SternikApp.swift */; };
		80CF62D628A0756D00C59CAD /* question.swift in Sources */ = {isa = PBXBuildFile; fileRef = 80C88BF02885F8A200059C2C /* question.swift */; };
		80CF62D928A0756D00C59CAD /* SRC.xcassets in Resources */ = {isa = PBXBuildFile; fileRef = 80345980289FFC0400CBC0FA /* SRC.xcassets */; };
		80CF62DA28A0756D00C59CAD /* questions_src.json in Resources */ = {isa = PBXBuildFile; fileRef = 80345982289FFF8400CBC0FA /* questions_src.json */; };
		80CF62EE28A1057400C59CAD /* CategoryView.swift in Sources */ = {isa = PBXBuildFile; fileRef = 80CF62ED28A1057400C59CAD /* CategoryView.swift */; };
		80CF62EF28A1057400C59CAD /* CategoryView.swift in Sources */ = {isa = PBXBuildFile; fileRef = 80CF62ED28A1057400C59CAD /* CategoryView.swift */; };
		80CF62F128A1473600C59CAD /* SettingsView.swift in Sources */ = {isa = PBXBuildFile; fileRef = 80CF62F028A1473600C59CAD /* SettingsView.swift */; };
		80CF62F228A1473600C59CAD /* SettingsView.swift in Sources */ = {isa = PBXBuildFile; fileRef = 80CF62F028A1473600C59CAD /* SettingsView.swift */; };
		80D7D8592884A133009EB03A /* SternikApp.swift in Sources */ = {isa = PBXBuildFile; fileRef = 80D7D8492884A12B009EB03A /* SternikApp.swift */; };
		80D7D85B2884A133009EB03A /* QuestionView.swift in Sources */ = {isa = PBXBuildFile; fileRef = 80D7D84A2884A12B009EB03A /* QuestionView.swift */; };
		80D7D85D2884A133009EB03A /* JSM.xcassets in Resources */ = {isa = PBXBuildFile; fileRef = 80D7D84B2884A132009EB03A /* JSM.xcassets */; };
		80E67F8928860B9900247DDF /* questions_jsm.json in Resources */ = {isa = PBXBuildFile; fileRef = 80E67F8828860B9900247DDF /* questions_jsm.json */; };
/* End PBXBuildFile section */

/* Begin PBXFileReference section */
		802302F128B19B5F0008B41C /* Products.plist */ = {isa = PBXFileReference; lastKnownFileType = text.plist.xml; path = Products.plist; sourceTree = "<group>"; };
		802302F428B21BCB0008B41C /* ProductView.swift */ = {isa = PBXFileReference; lastKnownFileType = sourcecode.swift; path = ProductView.swift; sourceTree = "<group>"; };
		80345980289FFC0400CBC0FA /* SRC.xcassets */ = {isa = PBXFileReference; lastKnownFileType = folder.assetcatalog; path = SRC.xcassets; sourceTree = "<group>"; };
		80345982289FFF8400CBC0FA /* questions_src.json */ = {isa = PBXFileReference; fileEncoding = 4; lastKnownFileType = text.json; path = questions_src.json; sourceTree = "<group>"; };
		8036FE3828B01FE100A94DBE /* ADBanner.swift */ = {isa = PBXFileReference; lastKnownFileType = sourcecode.swift; path = ADBanner.swift; sourceTree = "<group>"; };
		8036FE4428B0D3E000A94DBE /* ModuleView.swift */ = {isa = PBXFileReference; lastKnownFileType = sourcecode.swift; path = ModuleView.swift; sourceTree = "<group>"; };
		8036FE5228B1016000A94DBE /* Configuration_Sternik.storekit */ = {isa = PBXFileReference; fileEncoding = 4; lastKnownFileType = text; path = Configuration_Sternik.storekit; sourceTree = "<group>"; };
		8048F8BF28ACC82200A209BA /* StatsView.swift */ = {isa = PBXFileReference; lastKnownFileType = sourcecode.swift; path = StatsView.swift; sourceTree = "<group>"; };
		80A3524B28B2D8960094ADC9 /* QuestionsList.swift */ = {isa = PBXFileReference; fileEncoding = 4; lastKnownFileType = sourcecode.swift; path = QuestionsList.swift; sourceTree = "<group>"; };
		80A3524C28B2D8960094ADC9 /* Store.swift */ = {isa = PBXFileReference; fileEncoding = 4; lastKnownFileType = sourcecode.swift; path = Store.swift; sourceTree = "<group>"; };
		80A3525128B2DA750094ADC9 /* Sternik.app */ = {isa = PBXFileReference; explicitFileType = wrapper.application; includeInIndex = 0; name = Sternik.app; path = "/Users/madrafi/Documents/Swift/Sternik/build/Debug-iphoneos/Sternik.app"; sourceTree = "<absolute>"; };
		80A3525228B2DA750094ADC9 /* Radio Operator (iOS).app */ = {isa = PBXFileReference; explicitFileType = wrapper.application; includeInIndex = 0; name = "Radio Operator (iOS).app"; path = "/Users/madrafi/Documents/Swift/Sternik/build/Debug-iphoneos/Radio Operator (iOS).app"; sourceTree = "<absolute>"; };
		80A6801528A6B69600C28473 /* Configuration_VHF.storekit */ = {isa = PBXFileReference; lastKnownFileType = text; path = Configuration_VHF.storekit; sourceTree = "<group>"; };
		80B0F10328A460E00056A911 /* MainView.swift */ = {isa = PBXFileReference; lastKnownFileType = sourcecode.swift; path = MainView.swift; sourceTree = "<group>"; };
		80C88BF02885F8A200059C2C /* question.swift */ = {isa = PBXFileReference; lastKnownFileType = sourcecode.swift; path = question.swift; sourceTree = "<group>"; };
		80CF62E728A0877E00C59CAD /* SRC.plist */ = {isa = PBXFileReference; lastKnownFileType = text.plist.xml; path = SRC.plist; sourceTree = "<group>"; };
		80CF62E928A0887A00C59CAD /* JSM.plist */ = {isa = PBXFileReference; lastKnownFileType = text.plist.xml; path = JSM.plist; sourceTree = "<group>"; };
		80CF62ED28A1057400C59CAD /* CategoryView.swift */ = {isa = PBXFileReference; lastKnownFileType = sourcecode.swift; path = CategoryView.swift; sourceTree = "<group>"; };
		80CF62F028A1473600C59CAD /* SettingsView.swift */ = {isa = PBXFileReference; lastKnownFileType = sourcecode.swift; path = SettingsView.swift; sourceTree = "<group>"; };
		80D7D8492884A12B009EB03A /* SternikApp.swift */ = {isa = PBXFileReference; lastKnownFileType = sourcecode.swift; path = SternikApp.swift; sourceTree = "<group>"; };
		80D7D84A2884A12B009EB03A /* QuestionView.swift */ = {isa = PBXFileReference; lastKnownFileType = sourcecode.swift; path = QuestionView.swift; sourceTree = "<group>"; };
		80D7D84B2884A132009EB03A /* JSM.xcassets */ = {isa = PBXFileReference; lastKnownFileType = folder.assetcatalog; path = JSM.xcassets; sourceTree = "<group>"; };
		80E67F8828860B9900247DDF /* questions_jsm.json */ = {isa = PBXFileReference; fileEncoding = 4; lastKnownFileType = text.json; path = questions_jsm.json; sourceTree = "<group>"; };
/* End PBXFileReference section */

/* Begin PBXFrameworksBuildPhase section */
		80CF62D728A0756D00C59CAD /* Frameworks */ = {
			isa = PBXFrameworksBuildPhase;
			buildActionMask = 2147483647;
			files = (
				8036FE4028B0220500A94DBE /* GoogleMobileAds in Frameworks */,
			);
			runOnlyForDeploymentPostprocessing = 0;
		};
		80D7D84D2884A132009EB03A /* Frameworks */ = {
			isa = PBXFrameworksBuildPhase;
			buildActionMask = 2147483647;
			files = (
				8036FE3D28B0204C00A94DBE /* GoogleMobileAds in Frameworks */,
			);
			runOnlyForDeploymentPostprocessing = 0;
		};
/* End PBXFrameworksBuildPhase section */

/* Begin PBXGroup section */
		8034597C289FE7B300CBC0FA /* JSM */ = {
			isa = PBXGroup;
			children = (
				8036FE5228B1016000A94DBE /* Configuration_Sternik.storekit */,
				80D7D84B2884A132009EB03A /* JSM.xcassets */,
				80E67F8828860B9900247DDF /* questions_jsm.json */,
				80CF62E928A0887A00C59CAD /* JSM.plist */,
			);
			path = JSM;
			sourceTree = "<group>";
		};
		8034597D289FFA1300CBC0FA /* SRC */ = {
			isa = PBXGroup;
			children = (
				80345982289FFF8400CBC0FA /* questions_src.json */,
				80345980289FFC0400CBC0FA /* SRC.xcassets */,
				80CF62E728A0877E00C59CAD /* SRC.plist */,
				80A6801528A6B69600C28473 /* Configuration_VHF.storekit */,
			);
			path = SRC;
			sourceTree = "<group>";
		};
		8036FE4328B0D39300A94DBE /* Views */ = {
			isa = PBXGroup;
			children = (
				80CF62ED28A1057400C59CAD /* CategoryView.swift */,
				8036FE4428B0D3E000A94DBE /* ModuleView.swift */,
				802302F428B21BCB0008B41C /* ProductView.swift */,
				80B0F10328A460E00056A911 /* MainView.swift */,
				80D7D84A2884A12B009EB03A /* QuestionView.swift */,
				8048F8BF28ACC82200A209BA /* StatsView.swift */,
				80CF62F028A1473600C59CAD /* SettingsView.swift */,
				802302F128B19B5F0008B41C /* Products.plist */,
			);
			path = Views;
			sourceTree = "<group>";
		};
		80D7D8432884A12A009EB03A = {
			isa = PBXGroup;
			children = (
				8036FE4328B0D39300A94DBE /* Views */,
				8034597D289FFA1300CBC0FA /* SRC */,
				8034597C289FE7B300CBC0FA /* JSM */,
				80D7D8492884A12B009EB03A /* SternikApp.swift */,
				8036FE3828B01FE100A94DBE /* ADBanner.swift */,
				80C88BF02885F8A200059C2C /* question.swift */,
				80A3524B28B2D8960094ADC9 /* QuestionsList.swift */,
				80A3524C28B2D8960094ADC9 /* Store.swift */,
			);
			sourceTree = "<group>";
		};
/* End PBXGroup section */

/* Begin PBXNativeTarget section */
		80CF62D128A0756D00C59CAD /* Radio Operator (iOS) */ = {
			isa = PBXNativeTarget;
			buildConfigurationList = 80CF62DD28A0756D00C59CAD /* Build configuration list for PBXNativeTarget "Radio Operator (iOS)" */;
			buildPhases = (
				80CF62D228A0756D00C59CAD /* Sources */,
				80CF62D728A0756D00C59CAD /* Frameworks */,
				80CF62D828A0756D00C59CAD /* Resources */,
			);
			buildRules = (
			);
			dependencies = (
				8036FE4228B0224800A94DBE /* PBXTargetDependency */,
			);
			name = "Radio Operator (iOS)";
			packageProductDependencies = (
				8036FE3F28B0220500A94DBE /* GoogleMobileAds */,
			);
			productName = "Sternik (iOS)";
			productReference = 80A3525228B2DA750094ADC9 /* Radio Operator (iOS).app */;
			productType = "com.apple.product-type.application";
		};
		80D7D84F2884A132009EB03A /* Sternik (iOS) */ = {
			isa = PBXNativeTarget;
			buildConfigurationList = 80D7D8612884A133009EB03A /* Build configuration list for PBXNativeTarget "Sternik (iOS)" */;
			buildPhases = (
				80D7D84C2884A132009EB03A /* Sources */,
				80D7D84D2884A132009EB03A /* Frameworks */,
				80D7D84E2884A132009EB03A /* Resources */,
			);
			buildRules = (
			);
			dependencies = (
				8036FE4828B0DBFF00A94DBE /* PBXTargetDependency */,
			);
			name = "Sternik (iOS)";
			packageProductDependencies = (
				8036FE3C28B0204C00A94DBE /* GoogleMobileAds */,
			);
			productName = "Sternik (iOS)";
			productReference = 80A3525128B2DA750094ADC9 /* Sternik.app */;
			productType = "com.apple.product-type.application";
		};
/* End PBXNativeTarget section */

/* Begin PBXProject section */
		80D7D8442884A12A009EB03A /* Project object */ = {
			isa = PBXProject;
			attributes = {
				BuildIndependentTargetsInParallel = 1;
				LastSwiftUpdateCheck = 1320;
				LastUpgradeCheck = 1400;
				TargetAttributes = {
					80D7D84F2884A132009EB03A = {
						CreatedOnToolsVersion = 13.2.1;
					};
				};
			};
			buildConfigurationList = 80D7D8472884A12A009EB03A /* Build configuration list for PBXProject "Sternik" */;
			compatibilityVersion = "Xcode 13.0";
			developmentRegion = en;
			hasScannedForEncodings = 0;
			knownRegions = (
				en,
				Base,
			);
			mainGroup = 80D7D8432884A12A009EB03A;
			packageReferences = (
				8036FE3B28B0204C00A94DBE /* XCRemoteSwiftPackageReference "swift-package-manager-google-mobile-ads" */,
			);
			productRefGroup = 80D7D8432884A12A009EB03A;
			projectDirPath = "";
			projectRoot = "";
			targets = (
				80D7D84F2884A132009EB03A /* Sternik (iOS) */,
				80CF62D128A0756D00C59CAD /* Radio Operator (iOS) */,
			);
		};
/* End PBXProject section */

/* Begin PBXResourcesBuildPhase section */
		80CF62D828A0756D00C59CAD /* Resources */ = {
			isa = PBXResourcesBuildPhase;
			buildActionMask = 2147483647;
			files = (
				8036FE5428B1016000A94DBE /* Configuration_Sternik.storekit in Resources */,
				80A6801628A6B69600C28473 /* Configuration_VHF.storekit in Resources */,
				802302F328B19B5F0008B41C /* Products.plist in Resources */,
				80CF62D928A0756D00C59CAD /* SRC.xcassets in Resources */,
				80CF62DA28A0756D00C59CAD /* questions_src.json in Resources */,
			);
			runOnlyForDeploymentPostprocessing = 0;
		};
		80D7D84E2884A132009EB03A /* Resources */ = {
			isa = PBXResourcesBuildPhase;
			buildActionMask = 2147483647;
			files = (
				802302F228B19B5F0008B41C /* Products.plist in Resources */,
				8036FE5328B1016000A94DBE /* Configuration_Sternik.storekit in Resources */,
				80E67F8928860B9900247DDF /* questions_jsm.json in Resources */,
				80D7D85D2884A133009EB03A /* JSM.xcassets in Resources */,
			);
			runOnlyForDeploymentPostprocessing = 0;
		};
/* End PBXResourcesBuildPhase section */

/* Begin PBXSourcesBuildPhase section */
		80CF62D228A0756D00C59CAD /* Sources */ = {
			isa = PBXSourcesBuildPhase;
			buildActionMask = 2147483647;
			files = (
				80CF62D328A0756D00C59CAD /* QuestionView.swift in Sources */,
				80B0F10528A460E00056A911 /* MainView.swift in Sources */,
				80CF62D528A0756D00C59CAD /* SternikApp.swift in Sources */,
				80A3525028B2D8960094ADC9 /* Store.swift in Sources */,
				80CF62F128A1473600C59CAD /* SettingsView.swift in Sources */,
				802302F628B21BCB0008B41C /* ProductView.swift in Sources */,
				8048F8C128ACC82300A209BA /* StatsView.swift in Sources */,
				8036FE3A28B01FE100A94DBE /* ADBanner.swift in Sources */,
				80CF62D628A0756D00C59CAD /* question.swift in Sources */,
				8036FE4628B0D3E000A94DBE /* ModuleView.swift in Sources */,
				80A3524E28B2D8960094ADC9 /* QuestionsList.swift in Sources */,
				80CF62EF28A1057400C59CAD /* CategoryView.swift in Sources */,
			);
			runOnlyForDeploymentPostprocessing = 0;
		};
		80D7D84C2884A132009EB03A /* Sources */ = {
			isa = PBXSourcesBuildPhase;
			buildActionMask = 2147483647;
			files = (
				80D7D85B2884A133009EB03A /* QuestionView.swift in Sources */,
				80B0F10428A460E00056A911 /* MainView.swift in Sources */,
				80D7D8592884A133009EB03A /* SternikApp.swift in Sources */,
				80A3524F28B2D8960094ADC9 /* Store.swift in Sources */,
				80CF62F228A1473600C59CAD /* SettingsView.swift in Sources */,
				802302F528B21BCB0008B41C /* ProductView.swift in Sources */,
				8048F8C028ACC82300A209BA /* StatsView.swift in Sources */,
				8036FE3928B01FE100A94DBE /* ADBanner.swift in Sources */,
				80C88BF12885F8A300059C2C /* question.swift in Sources */,
				8036FE4528B0D3E000A94DBE /* ModuleView.swift in Sources */,
				80A3524D28B2D8960094ADC9 /* QuestionsList.swift in Sources */,
				80CF62EE28A1057400C59CAD /* CategoryView.swift in Sources */,
			);
			runOnlyForDeploymentPostprocessing = 0;
		};
/* End PBXSourcesBuildPhase section */

/* Begin PBXTargetDependency section */
		8036FE4228B0224800A94DBE /* PBXTargetDependency */ = {
			isa = PBXTargetDependency;
			productRef = 8036FE4128B0224800A94DBE /* GoogleMobileAds */;
		};
		8036FE4828B0DBFF00A94DBE /* PBXTargetDependency */ = {
			isa = PBXTargetDependency;
			productRef = 8036FE4728B0DBFF00A94DBE /* GoogleMobileAds */;
		};
/* End PBXTargetDependency section */

/* Begin XCBuildConfiguration section */
		80CF62DE28A0756D00C59CAD /* Debug */ = {
			isa = XCBuildConfiguration;
			buildSettings = {
				ASSETCATALOG_COMPILER_APPICON_NAME = AppIcon;
				ASSETCATALOG_COMPILER_GLOBAL_ACCENT_COLOR_NAME = AccentColor;
				ASSETCATALOG_COMPILER_INCLUDE_ALL_APPICON_ASSETS = NO;
				CODE_SIGN_STYLE = Automatic;
				CURRENT_PROJECT_VERSION = 1;
				DEVELOPMENT_ASSET_PATHS = SRC/SRC.xcassets;
				DEVELOPMENT_TEAM = ZBBD84W4M2;
				ENABLE_PREVIEWS = YES;
				GENERATE_INFOPLIST_FILE = YES;
				INFOPLIST_FILE = SRC/SRC.plist;
				INFOPLIST_KEY_CFBundleDisplayName = "Radio Operator";
				INFOPLIST_KEY_LSApplicationCategoryType = "public.app-category.education";
				INFOPLIST_KEY_UIApplicationSceneManifest_Generation = YES;
				INFOPLIST_KEY_UIApplicationSupportsIndirectInputEvents = YES;
				INFOPLIST_KEY_UILaunchScreen_Generation = YES;
				INFOPLIST_KEY_UISupportedInterfaceOrientations_iPad = "UIInterfaceOrientationPortrait UIInterfaceOrientationPortraitUpsideDown UIInterfaceOrientationLandscapeLeft UIInterfaceOrientationLandscapeRight";
				INFOPLIST_KEY_UISupportedInterfaceOrientations_iPhone = "UIInterfaceOrientationPortrait UIInterfaceOrientationLandscapeLeft UIInterfaceOrientationLandscapeRight";
				IPHONEOS_DEPLOYMENT_TARGET = 15.0;
				LD_RUNPATH_SEARCH_PATHS = (
					"$(inherited)",
					"@executable_path/Frameworks",
				);
				MARKETING_VERSION = 1.0;
				PRODUCT_BUNDLE_IDENTIFIER = "MADsoft.Radio-Operator";
				PRODUCT_NAME = "$(TARGET_NAME)";
				SDKROOT = iphoneos;
				SWIFT_ACTIVE_COMPILATION_CONDITIONS = "";
				SWIFT_EMIT_LOC_STRINGS = YES;
				SWIFT_VERSION = 5.0;
				TARGETED_DEVICE_FAMILY = "1,2";
			};
			name = Debug;
		};
		80CF62DF28A0756D00C59CAD /* Release */ = {
			isa = XCBuildConfiguration;
			buildSettings = {
				ASSETCATALOG_COMPILER_APPICON_NAME = AppIcon;
				ASSETCATALOG_COMPILER_GLOBAL_ACCENT_COLOR_NAME = AccentColor;
				ASSETCATALOG_COMPILER_INCLUDE_ALL_APPICON_ASSETS = NO;
				CODE_SIGN_STYLE = Automatic;
				CURRENT_PROJECT_VERSION = 1;
				DEVELOPMENT_ASSET_PATHS = SRC/SRC.xcassets;
				DEVELOPMENT_TEAM = ZBBD84W4M2;
				ENABLE_PREVIEWS = YES;
				GENERATE_INFOPLIST_FILE = YES;
				INFOPLIST_FILE = SRC/SRC.plist;
				INFOPLIST_KEY_CFBundleDisplayName = "Radio Operator";
				INFOPLIST_KEY_LSApplicationCategoryType = "public.app-category.education";
				INFOPLIST_KEY_UIApplicationSceneManifest_Generation = YES;
				INFOPLIST_KEY_UIApplicationSupportsIndirectInputEvents = YES;
				INFOPLIST_KEY_UILaunchScreen_Generation = YES;
				INFOPLIST_KEY_UISupportedInterfaceOrientations_iPad = "UIInterfaceOrientationPortrait UIInterfaceOrientationPortraitUpsideDown UIInterfaceOrientationLandscapeLeft UIInterfaceOrientationLandscapeRight";
				INFOPLIST_KEY_UISupportedInterfaceOrientations_iPhone = "UIInterfaceOrientationPortrait UIInterfaceOrientationLandscapeLeft UIInterfaceOrientationLandscapeRight";
				IPHONEOS_DEPLOYMENT_TARGET = 15.0;
				LD_RUNPATH_SEARCH_PATHS = (
					"$(inherited)",
					"@executable_path/Frameworks",
				);
				MARKETING_VERSION = 1.0;
				PRODUCT_BUNDLE_IDENTIFIER = "MADsoft.Radio-Operator";
				PRODUCT_NAME = "$(TARGET_NAME)";
				SDKROOT = iphoneos;
				SWIFT_ACTIVE_COMPILATION_CONDITIONS = "";
				SWIFT_EMIT_LOC_STRINGS = YES;
				SWIFT_VERSION = 5.0;
				TARGETED_DEVICE_FAMILY = "1,2";
				VALIDATE_PRODUCT = YES;
			};
			name = Release;
		};
		80D7D85F2884A133009EB03A /* Debug */ = {
			isa = XCBuildConfiguration;
			buildSettings = {
				ALWAYS_SEARCH_USER_PATHS = NO;
				ASSETCATALOG_COMPILER_GLOBAL_ACCENT_COLOR_NAME = "";
				CLANG_ANALYZER_NONNULL = YES;
				CLANG_ANALYZER_NUMBER_OBJECT_CONVERSION = YES_AGGRESSIVE;
				CLANG_CXX_LANGUAGE_STANDARD = "gnu++17";
				CLANG_CXX_LIBRARY = "libc++";
				CLANG_ENABLE_MODULES = YES;
				CLANG_ENABLE_OBJC_ARC = YES;
				CLANG_ENABLE_OBJC_WEAK = YES;
				CLANG_WARN_BLOCK_CAPTURE_AUTORELEASING = YES;
				CLANG_WARN_BOOL_CONVERSION = YES;
				CLANG_WARN_COMMA = YES;
				CLANG_WARN_CONSTANT_CONVERSION = YES;
				CLANG_WARN_DEPRECATED_OBJC_IMPLEMENTATIONS = YES;
				CLANG_WARN_DIRECT_OBJC_ISA_USAGE = YES_ERROR;
				CLANG_WARN_DOCUMENTATION_COMMENTS = YES;
				CLANG_WARN_EMPTY_BODY = YES;
				CLANG_WARN_ENUM_CONVERSION = YES;
				CLANG_WARN_INFINITE_RECURSION = YES;
				CLANG_WARN_INT_CONVERSION = YES;
				CLANG_WARN_NON_LITERAL_NULL_CONVERSION = YES;
				CLANG_WARN_OBJC_IMPLICIT_RETAIN_SELF = YES;
				CLANG_WARN_OBJC_LITERAL_CONVERSION = YES;
				CLANG_WARN_OBJC_ROOT_CLASS = YES_ERROR;
				CLANG_WARN_QUOTED_INCLUDE_IN_FRAMEWORK_HEADER = YES;
				CLANG_WARN_RANGE_LOOP_ANALYSIS = YES;
				CLANG_WARN_STRICT_PROTOTYPES = YES;
				CLANG_WARN_SUSPICIOUS_MOVE = YES;
				CLANG_WARN_UNGUARDED_AVAILABILITY = YES_AGGRESSIVE;
				CLANG_WARN_UNREACHABLE_CODE = YES;
				CLANG_WARN__DUPLICATE_METHOD_MATCH = YES;
				COPY_PHASE_STRIP = NO;
				DEAD_CODE_STRIPPING = YES;
				DEBUG_INFORMATION_FORMAT = dwarf;
				ENABLE_STRICT_OBJC_MSGSEND = YES;
				ENABLE_TESTABILITY = YES;
				GCC_C_LANGUAGE_STANDARD = gnu11;
				GCC_DYNAMIC_NO_PIC = NO;
				GCC_NO_COMMON_BLOCKS = YES;
				GCC_OPTIMIZATION_LEVEL = 0;
				GCC_PREPROCESSOR_DEFINITIONS = (
					"DEBUG=1",
					"$(inherited)",
				);
				GCC_WARN_64_TO_32_BIT_CONVERSION = YES;
				GCC_WARN_ABOUT_RETURN_TYPE = YES_ERROR;
				GCC_WARN_UNDECLARED_SELECTOR = YES;
				GCC_WARN_UNINITIALIZED_AUTOS = YES_AGGRESSIVE;
				GCC_WARN_UNUSED_FUNCTION = YES;
				GCC_WARN_UNUSED_VARIABLE = YES;
				MTL_ENABLE_DEBUG_INFO = INCLUDE_SOURCE;
				MTL_FAST_MATH = YES;
				ONLY_ACTIVE_ARCH = YES;
				SWIFT_ACTIVE_COMPILATION_CONDITIONS = SRC;
				SWIFT_OPTIMIZATION_LEVEL = "-Onone";
			};
			name = Debug;
		};
		80D7D8602884A133009EB03A /* Release */ = {
			isa = XCBuildConfiguration;
			buildSettings = {
				ALWAYS_SEARCH_USER_PATHS = NO;
				ASSETCATALOG_COMPILER_GLOBAL_ACCENT_COLOR_NAME = "";
				CLANG_ANALYZER_NONNULL = YES;
				CLANG_ANALYZER_NUMBER_OBJECT_CONVERSION = YES_AGGRESSIVE;
				CLANG_CXX_LANGUAGE_STANDARD = "gnu++17";
				CLANG_CXX_LIBRARY = "libc++";
				CLANG_ENABLE_MODULES = YES;
				CLANG_ENABLE_OBJC_ARC = YES;
				CLANG_ENABLE_OBJC_WEAK = YES;
				CLANG_WARN_BLOCK_CAPTURE_AUTORELEASING = YES;
				CLANG_WARN_BOOL_CONVERSION = YES;
				CLANG_WARN_COMMA = YES;
				CLANG_WARN_CONSTANT_CONVERSION = YES;
				CLANG_WARN_DEPRECATED_OBJC_IMPLEMENTATIONS = YES;
				CLANG_WARN_DIRECT_OBJC_ISA_USAGE = YES_ERROR;
				CLANG_WARN_DOCUMENTATION_COMMENTS = YES;
				CLANG_WARN_EMPTY_BODY = YES;
				CLANG_WARN_ENUM_CONVERSION = YES;
				CLANG_WARN_INFINITE_RECURSION = YES;
				CLANG_WARN_INT_CONVERSION = YES;
				CLANG_WARN_NON_LITERAL_NULL_CONVERSION = YES;
				CLANG_WARN_OBJC_IMPLICIT_RETAIN_SELF = YES;
				CLANG_WARN_OBJC_LITERAL_CONVERSION = YES;
				CLANG_WARN_OBJC_ROOT_CLASS = YES_ERROR;
				CLANG_WARN_QUOTED_INCLUDE_IN_FRAMEWORK_HEADER = YES;
				CLANG_WARN_RANGE_LOOP_ANALYSIS = YES;
				CLANG_WARN_STRICT_PROTOTYPES = YES;
				CLANG_WARN_SUSPICIOUS_MOVE = YES;
				CLANG_WARN_UNGUARDED_AVAILABILITY = YES_AGGRESSIVE;
				CLANG_WARN_UNREACHABLE_CODE = YES;
				CLANG_WARN__DUPLICATE_METHOD_MATCH = YES;
				COPY_PHASE_STRIP = NO;
				DEAD_CODE_STRIPPING = YES;
				DEBUG_INFORMATION_FORMAT = "dwarf-with-dsym";
				ENABLE_NS_ASSERTIONS = NO;
				ENABLE_STRICT_OBJC_MSGSEND = YES;
				GCC_C_LANGUAGE_STANDARD = gnu11;
				GCC_NO_COMMON_BLOCKS = YES;
				GCC_WARN_64_TO_32_BIT_CONVERSION = YES;
				GCC_WARN_ABOUT_RETURN_TYPE = YES_ERROR;
				GCC_WARN_UNDECLARED_SELECTOR = YES;
				GCC_WARN_UNINITIALIZED_AUTOS = YES_AGGRESSIVE;
				GCC_WARN_UNUSED_FUNCTION = YES;
				GCC_WARN_UNUSED_VARIABLE = YES;
				MTL_ENABLE_DEBUG_INFO = NO;
				MTL_FAST_MATH = YES;
				SWIFT_ACTIVE_COMPILATION_CONDITIONS = SRC;
				SWIFT_COMPILATION_MODE = wholemodule;
				SWIFT_OPTIMIZATION_LEVEL = "-O";
			};
			name = Release;
		};
		80D7D8622884A133009EB03A /* Debug */ = {
			isa = XCBuildConfiguration;
			buildSettings = {
				ASSETCATALOG_COMPILER_APPICON_NAME = AppIcon;
				ASSETCATALOG_COMPILER_GLOBAL_ACCENT_COLOR_NAME = AccentColor;
				CODE_SIGN_STYLE = Automatic;
				CURRENT_PROJECT_VERSION = 1;
				DEVELOPMENT_ASSET_PATHS = JSM/JSM.xcassets;
				DEVELOPMENT_TEAM = ZBBD84W4M2;
				ENABLE_PREVIEWS = YES;
				GENERATE_INFOPLIST_FILE = YES;
				INFOPLIST_FILE = JSM/JSM.plist;
				INFOPLIST_KEY_CFBundleDisplayName = Sternik;
				INFOPLIST_KEY_LSApplicationCategoryType = "public.app-category.education";
				INFOPLIST_KEY_UIApplicationSceneManifest_Generation = YES;
				INFOPLIST_KEY_UIApplicationSupportsIndirectInputEvents = YES;
				INFOPLIST_KEY_UILaunchScreen_Generation = YES;
				INFOPLIST_KEY_UISupportedInterfaceOrientations_iPad = "UIInterfaceOrientationPortrait UIInterfaceOrientationPortraitUpsideDown UIInterfaceOrientationLandscapeLeft UIInterfaceOrientationLandscapeRight";
				INFOPLIST_KEY_UISupportedInterfaceOrientations_iPhone = "UIInterfaceOrientationPortrait UIInterfaceOrientationLandscapeLeft UIInterfaceOrientationLandscapeRight";
				IPHONEOS_DEPLOYMENT_TARGET = 15.0;
				LD_RUNPATH_SEARCH_PATHS = (
					"$(inherited)",
					"@executable_path/Frameworks",
				);
				MARKETING_VERSION = 1.0;
				PRODUCT_BUNDLE_IDENTIFIER = MADsoft.Sternik;
				PRODUCT_NAME = Sternik;
				SDKROOT = iphoneos;
				SWIFT_ACTIVE_COMPILATION_CONDITIONS = JSM;
				SWIFT_EMIT_LOC_STRINGS = YES;
				SWIFT_VERSION = 5.0;
				TARGETED_DEVICE_FAMILY = "1,2";
			};
			name = Debug;
		};
		80D7D8632884A133009EB03A /* Release */ = {
			isa = XCBuildConfiguration;
			buildSettings = {
				ASSETCATALOG_COMPILER_APPICON_NAME = AppIcon;
				ASSETCATALOG_COMPILER_GLOBAL_ACCENT_COLOR_NAME = AccentColor;
				CODE_SIGN_STYLE = Automatic;
				CURRENT_PROJECT_VERSION = 1;
				DEVELOPMENT_ASSET_PATHS = JSM/JSM.xcassets;
				DEVELOPMENT_TEAM = ZBBD84W4M2;
				ENABLE_PREVIEWS = YES;
				GENERATE_INFOPLIST_FILE = YES;
				INFOPLIST_FILE = JSM/JSM.plist;
				INFOPLIST_KEY_CFBundleDisplayName = Sternik;
				INFOPLIST_KEY_LSApplicationCategoryType = "public.app-category.education";
				INFOPLIST_KEY_UIApplicationSceneManifest_Generation = YES;
				INFOPLIST_KEY_UIApplicationSupportsIndirectInputEvents = YES;
				INFOPLIST_KEY_UILaunchScreen_Generation = YES;
				INFOPLIST_KEY_UISupportedInterfaceOrientations_iPad = "UIInterfaceOrientationPortrait UIInterfaceOrientationPortraitUpsideDown UIInterfaceOrientationLandscapeLeft UIInterfaceOrientationLandscapeRight";
				INFOPLIST_KEY_UISupportedInterfaceOrientations_iPhone = "UIInterfaceOrientationPortrait UIInterfaceOrientationLandscapeLeft UIInterfaceOrientationLandscapeRight";
				IPHONEOS_DEPLOYMENT_TARGET = 15.0;
				LD_RUNPATH_SEARCH_PATHS = (
					"$(inherited)",
					"@executable_path/Frameworks",
				);
				MARKETING_VERSION = 1.0;
				PRODUCT_BUNDLE_IDENTIFIER = MADsoft.Sternik;
				PRODUCT_NAME = Sternik;
				SDKROOT = iphoneos;
				SWIFT_ACTIVE_COMPILATION_CONDITIONS = JSM;
				SWIFT_EMIT_LOC_STRINGS = YES;
				SWIFT_VERSION = 5.0;
				TARGETED_DEVICE_FAMILY = "1,2";
				VALIDATE_PRODUCT = YES;
			};
			name = Release;
		};
/* End XCBuildConfiguration section */

/* Begin XCConfigurationList section */
		80CF62DD28A0756D00C59CAD /* Build configuration list for PBXNativeTarget "Radio Operator (iOS)" */ = {
			isa = XCConfigurationList;
			buildConfigurations = (
				80CF62DE28A0756D00C59CAD /* Debug */,
				80CF62DF28A0756D00C59CAD /* Release */,
			);
			defaultConfigurationIsVisible = 0;
			defaultConfigurationName = Release;
		};
		80D7D8472884A12A009EB03A /* Build configuration list for PBXProject "Sternik" */ = {
			isa = XCConfigurationList;
			buildConfigurations = (
				80D7D85F2884A133009EB03A /* Debug */,
				80D7D8602884A133009EB03A /* Release */,
			);
			defaultConfigurationIsVisible = 0;
			defaultConfigurationName = Release;
		};
		80D7D8612884A133009EB03A /* Build configuration list for PBXNativeTarget "Sternik (iOS)" */ = {
			isa = XCConfigurationList;
			buildConfigurations = (
				80D7D8622884A133009EB03A /* Debug */,
				80D7D8632884A133009EB03A /* Release */,
			);
			defaultConfigurationIsVisible = 0;
			defaultConfigurationName = Release;
		};
/* End XCConfigurationList section */

/* Begin XCRemoteSwiftPackageReference section */
		8036FE3B28B0204C00A94DBE /* XCRemoteSwiftPackageReference "swift-package-manager-google-mobile-ads" */ = {
			isa = XCRemoteSwiftPackageReference;
			repositoryURL = "https://github.com/googleads/swift-package-manager-google-mobile-ads.git";
			requirement = {
				branch = main;
				kind = branch;
			};
		};
/* End XCRemoteSwiftPackageReference section */

/* Begin XCSwiftPackageProductDependency section */
		8036FE3C28B0204C00A94DBE /* GoogleMobileAds */ = {
			isa = XCSwiftPackageProductDependency;
			package = 8036FE3B28B0204C00A94DBE /* XCRemoteSwiftPackageReference "swift-package-manager-google-mobile-ads" */;
			productName = GoogleMobileAds;
		};
		8036FE3F28B0220500A94DBE /* GoogleMobileAds */ = {
			isa = XCSwiftPackageProductDependency;
			package = 8036FE3B28B0204C00A94DBE /* XCRemoteSwiftPackageReference "swift-package-manager-google-mobile-ads" */;
			productName = GoogleMobileAds;
		};
		8036FE4128B0224800A94DBE /* GoogleMobileAds */ = {
			isa = XCSwiftPackageProductDependency;
			package = 8036FE3B28B0204C00A94DBE /* XCRemoteSwiftPackageReference "swift-package-manager-google-mobile-ads" */;
			productName = GoogleMobileAds;
		};
		8036FE4728B0DBFF00A94DBE /* GoogleMobileAds */ = {
			isa = XCSwiftPackageProductDependency;
			package = 8036FE3B28B0204C00A94DBE /* XCRemoteSwiftPackageReference "swift-package-manager-google-mobile-ads" */;
			productName = GoogleMobileAds;
		};
/* End XCSwiftPackageProductDependency section */
	};
	rootObject = 80D7D8442884A12A009EB03A /* Project object */;
}
