// !$*UTF8*$!
{
	archiveVersion = 1;
	classes = {
	};
	objectVersion = 55;
	objects = {

/* Begin PBXBuildFile section */
		800B6EDF28B4587800FA583B /* VHF.xcassets in Resources */ = {isa = PBXBuildFile; fileRef = 80345980289FFC0400CBC0FA /* VHF.xcassets */; };
		800B6EEA28B77DF000FA583B /* QuestionView.swift in Sources */ = {isa = PBXBuildFile; fileRef = 80D7D84A2884A12B009EB03A /* QuestionView.swift */; };
		800B6EEB28B77DF000FA583B /* CategoryRepository.swift in Sources */ = {isa = PBXBuildFile; fileRef = 80A3525828B2E13D0094ADC9 /* CategoryRepository.swift */; };
		800B6EEC28B77DF000FA583B /* MainView.swift in Sources */ = {isa = PBXBuildFile; fileRef = 80B0F10328A460E00056A911 /* MainView.swift */; };
		800B6EED28B77DF000FA583B /* SternikApp.swift in Sources */ = {isa = PBXBuildFile; fileRef = 80D7D8492884A12B009EB03A /* SternikApp.swift */; };
		800B6EEE28B77DF000FA583B /* SettingsView.swift in Sources */ = {isa = PBXBuildFile; fileRef = 80CF62F028A1473600C59CAD /* SettingsView.swift */; };
		800B6EEF28B77DF000FA583B /* ProductView.swift in Sources */ = {isa = PBXBuildFile; fileRef = 802302F428B21BCB0008B41C /* ProductView.swift */; };
		800B6EF028B77DF000FA583B /* StatsView.swift in Sources */ = {isa = PBXBuildFile; fileRef = 8048F8BF28ACC82200A209BA /* StatsView.swift */; };
		800B6EF128B77DF000FA583B /* Store.swift in Sources */ = {isa = PBXBuildFile; fileRef = 80A3525928B2E13E0094ADC9 /* Store.swift */; };
		800B6EF228B77DF000FA583B /* ADBanner.swift in Sources */ = {isa = PBXBuildFile; fileRef = 8036FE3828B01FE100A94DBE /* ADBanner.swift */; };
		800B6EF328B77DF000FA583B /* SwitchModuleView.swift in Sources */ = {isa = PBXBuildFile; fileRef = 8083DD9F28B2EF4E00187B4D /* SwitchModuleView.swift */; };
		800B6EF428B77DF000FA583B /* Question.swift in Sources */ = {isa = PBXBuildFile; fileRef = 80C88BF02885F8A200059C2C /* Question.swift */; };
		800B6EF528B77DF000FA583B /* ModuleView.swift in Sources */ = {isa = PBXBuildFile; fileRef = 8036FE4428B0D3E000A94DBE /* ModuleView.swift */; };
		800B6EF628B77DF000FA583B /* CategoryView.swift in Sources */ = {isa = PBXBuildFile; fileRef = 80CF62ED28A1057400C59CAD /* CategoryView.swift */; };
		800B6EF828B77DF000FA583B /* GoogleMobileAds in Frameworks */ = {isa = PBXBuildFile; productRef = 800B6EE728B77DF000FA583B /* GoogleMobileAds */; };
		800B6F0A28B787B000FA583B /* Amator.xcassets in Resources */ = {isa = PBXBuildFile; fileRef = 800B6EE328B77DAC00FA583B /* Amator.xcassets */; };
		800B6F0C28B787B000FA583B /* Products_Amator.plist in Resources */ = {isa = PBXBuildFile; fileRef = 800B6EE428B77DAC00FA583B /* Products_Amator.plist */; };
		800B6F0D28B787B000FA583B /* Configuration_Amator.storekit in Resources */ = {isa = PBXBuildFile; fileRef = 800B6EE128B77DAA00FA583B /* Configuration_Amator.storekit */; };
		802302F328B19B5F0008B41C /* Products_VHF.plist in Resources */ = {isa = PBXBuildFile; fileRef = 802302F128B19B5F0008B41C /* Products_VHF.plist */; };
		802302F528B21BCB0008B41C /* ProductView.swift in Sources */ = {isa = PBXBuildFile; fileRef = 802302F428B21BCB0008B41C /* ProductView.swift */; };
		802302F628B21BCB0008B41C /* ProductView.swift in Sources */ = {isa = PBXBuildFile; fileRef = 802302F428B21BCB0008B41C /* ProductView.swift */; };
		8023F1E928B44136007601F1 /* Sternik.plist in Resources */ = {isa = PBXBuildFile; fileRef = 80CF62E928A0887A00C59CAD /* Sternik.plist */; };
		8023F1EA28B4414C007601F1 /* Sternik.xcassets in Resources */ = {isa = PBXBuildFile; fileRef = 80D7D84B2884A132009EB03A /* Sternik.xcassets */; };
		8036FE3928B01FE100A94DBE /* ADBanner.swift in Sources */ = {isa = PBXBuildFile; fileRef = 8036FE3828B01FE100A94DBE /* ADBanner.swift */; };
		8036FE3A28B01FE100A94DBE /* ADBanner.swift in Sources */ = {isa = PBXBuildFile; fileRef = 8036FE3828B01FE100A94DBE /* ADBanner.swift */; };
		8036FE4528B0D3E000A94DBE /* ModuleView.swift in Sources */ = {isa = PBXBuildFile; fileRef = 8036FE4428B0D3E000A94DBE /* ModuleView.swift */; };
		8036FE4628B0D3E000A94DBE /* ModuleView.swift in Sources */ = {isa = PBXBuildFile; fileRef = 8036FE4428B0D3E000A94DBE /* ModuleView.swift */; };
		8036FE5328B1016000A94DBE /* Configuration_Sternik.storekit in Resources */ = {isa = PBXBuildFile; fileRef = 8036FE5228B1016000A94DBE /* Configuration_Sternik.storekit */; };
		8048F8C028ACC82300A209BA /* StatsView.swift in Sources */ = {isa = PBXBuildFile; fileRef = 8048F8BF28ACC82200A209BA /* StatsView.swift */; };
		8048F8C128ACC82300A209BA /* StatsView.swift in Sources */ = {isa = PBXBuildFile; fileRef = 8048F8BF28ACC82200A209BA /* StatsView.swift */; };
		80653CFA28C4220B00C1741B /* questions_lrc.json in Resources */ = {isa = PBXBuildFile; fileRef = 80653CF928C4220B00C1741B /* questions_lrc.json */; };
		807FF65F28B40E6D00AF2682 /* questions_src.json in Resources */ = {isa = PBXBuildFile; fileRef = 807FF65A28B40E6D00AF2682 /* questions_src.json */; };
		807FF66028B40E6D00AF2682 /* questions_vhf.json in Resources */ = {isa = PBXBuildFile; fileRef = 807FF65B28B40E6D00AF2682 /* questions_vhf.json */; };
		807FF66128B40E6D00AF2682 /* questions_iwc.json in Resources */ = {isa = PBXBuildFile; fileRef = 807FF65C28B40E6D00AF2682 /* questions_iwc.json */; };
		8083DD9E28B2E7A900187B4D /* Products_Sternik.plist in Resources */ = {isa = PBXBuildFile; fileRef = 8083DD9D28B2E7A900187B4D /* Products_Sternik.plist */; };
		8083DDA028B2EF4E00187B4D /* SwitchModuleView.swift in Sources */ = {isa = PBXBuildFile; fileRef = 8083DD9F28B2EF4E00187B4D /* SwitchModuleView.swift */; };
		8083DDA128B2EF4E00187B4D /* SwitchModuleView.swift in Sources */ = {isa = PBXBuildFile; fileRef = 8083DD9F28B2EF4E00187B4D /* SwitchModuleView.swift */; };
		8084919128C569C80047A2BC /* questions_c.json in Resources */ = {isa = PBXBuildFile; fileRef = 8084918F28C569C80047A2BC /* questions_c.json */; };
		8084919228C569C80047A2BC /* questions_a.json in Resources */ = {isa = PBXBuildFile; fileRef = 8084919028C569C80047A2BC /* questions_a.json */; };
		80A3525A28B2E14F0094ADC9 /* Store.swift in Sources */ = {isa = PBXBuildFile; fileRef = 80A3525928B2E13E0094ADC9 /* Store.swift */; };
		80A3525B28B2E1500094ADC9 /* Store.swift in Sources */ = {isa = PBXBuildFile; fileRef = 80A3525928B2E13E0094ADC9 /* Store.swift */; };
		80A3525C28B2E1530094ADC9 /* CategoryRepository.swift in Sources */ = {isa = PBXBuildFile; fileRef = 80A3525828B2E13D0094ADC9 /* CategoryRepository.swift */; };
		80A3525D28B2E1530094ADC9 /* CategoryRepository.swift in Sources */ = {isa = PBXBuildFile; fileRef = 80A3525828B2E13D0094ADC9 /* CategoryRepository.swift */; };
		80A6801628A6B69600C28473 /* Configuration_VHF.storekit in Resources */ = {isa = PBXBuildFile; fileRef = 80A6801528A6B69600C28473 /* Configuration_VHF.storekit */; };
		80B0F10428A460E00056A911 /* MainView.swift in Sources */ = {isa = PBXBuildFile; fileRef = 80B0F10328A460E00056A911 /* MainView.swift */; };
		80B0F10528A460E00056A911 /* MainView.swift in Sources */ = {isa = PBXBuildFile; fileRef = 80B0F10328A460E00056A911 /* MainView.swift */; };
		80C219E128B9642000CD492C /* GoogleMobileAds in Frameworks */ = {isa = PBXBuildFile; productRef = 80C219E028B9642000CD492C /* GoogleMobileAds */; };
		80C219E328B9643E00CD492C /* GoogleMobileAds in Frameworks */ = {isa = PBXBuildFile; productRef = 80C219E228B9643E00CD492C /* GoogleMobileAds */; };
		80C219E928BA7AD400CD492C /* Amator.plist in Resources */ = {isa = PBXBuildFile; fileRef = 80C219E828BA7AD400CD492C /* Amator.plist */; };
		80C88BF12885F8A300059C2C /* Question.swift in Sources */ = {isa = PBXBuildFile; fileRef = 80C88BF02885F8A200059C2C /* Question.swift */; };
		80CF62D328A0756D00C59CAD /* QuestionView.swift in Sources */ = {isa = PBXBuildFile; fileRef = 80D7D84A2884A12B009EB03A /* QuestionView.swift */; };
		80CF62D528A0756D00C59CAD /* SternikApp.swift in Sources */ = {isa = PBXBuildFile; fileRef = 80D7D8492884A12B009EB03A /* SternikApp.swift */; };
		80CF62D628A0756D00C59CAD /* Question.swift in Sources */ = {isa = PBXBuildFile; fileRef = 80C88BF02885F8A200059C2C /* Question.swift */; };
		80CF62EE28A1057400C59CAD /* CategoryView.swift in Sources */ = {isa = PBXBuildFile; fileRef = 80CF62ED28A1057400C59CAD /* CategoryView.swift */; };
		80CF62EF28A1057400C59CAD /* CategoryView.swift in Sources */ = {isa = PBXBuildFile; fileRef = 80CF62ED28A1057400C59CAD /* CategoryView.swift */; };
		80CF62F128A1473600C59CAD /* SettingsView.swift in Sources */ = {isa = PBXBuildFile; fileRef = 80CF62F028A1473600C59CAD /* SettingsView.swift */; };
		80CF62F228A1473600C59CAD /* SettingsView.swift in Sources */ = {isa = PBXBuildFile; fileRef = 80CF62F028A1473600C59CAD /* SettingsView.swift */; };
		80D7D8592884A133009EB03A /* SternikApp.swift in Sources */ = {isa = PBXBuildFile; fileRef = 80D7D8492884A12B009EB03A /* SternikApp.swift */; };
		80D7D85B2884A133009EB03A /* QuestionView.swift in Sources */ = {isa = PBXBuildFile; fileRef = 80D7D84A2884A12B009EB03A /* QuestionView.swift */; };
		80E67F8928860B9900247DDF /* questions_jsm.json in Resources */ = {isa = PBXBuildFile; fileRef = 80E67F8828860B9900247DDF /* questions_jsm.json */; };
		DAAEA07328BF74C00034897E /* Category.swift in Sources */ = {isa = PBXBuildFile; fileRef = DAAEA07228BF74C00034897E /* Category.swift */; };
		DAAEA07428BF74C00034897E /* Category.swift in Sources */ = {isa = PBXBuildFile; fileRef = DAAEA07228BF74C00034897E /* Category.swift */; };
		DAAEA07528BF74C00034897E /* Category.swift in Sources */ = {isa = PBXBuildFile; fileRef = DAAEA07228BF74C00034897E /* Category.swift */; };
		DAAEA07928BF7C650034897E /* DependencyInjection.swift in Sources */ = {isa = PBXBuildFile; fileRef = DAAEA07828BF7C650034897E /* DependencyInjection.swift */; };
		DAAEA07A28BF7C650034897E /* DependencyInjection.swift in Sources */ = {isa = PBXBuildFile; fileRef = DAAEA07828BF7C650034897E /* DependencyInjection.swift */; };
		DAAEA07B28BF7C650034897E /* DependencyInjection.swift in Sources */ = {isa = PBXBuildFile; fileRef = DAAEA07828BF7C650034897E /* DependencyInjection.swift */; };
/* End PBXBuildFile section */

/* Begin PBXFileReference section */
		800B6EE128B77DAA00FA583B /* Configuration_Amator.storekit */ = {isa = PBXFileReference; lastKnownFileType = text; path = Configuration_Amator.storekit; sourceTree = "<group>"; };
		800B6EE328B77DAC00FA583B /* Amator.xcassets */ = {isa = PBXFileReference; lastKnownFileType = folder.assetcatalog; path = Amator.xcassets; sourceTree = "<group>"; };
		800B6EE428B77DAC00FA583B /* Products_Amator.plist */ = {isa = PBXFileReference; lastKnownFileType = text.plist.xml; path = Products_Amator.plist; sourceTree = "<group>"; };
		800B6F0F28B795C500FA583B /* Radio Operator.app */ = {isa = PBXFileReference; explicitFileType = wrapper.application; includeInIndex = 0; path = "Radio Operator.app"; sourceTree = BUILT_PRODUCTS_DIR; };
		802302F128B19B5F0008B41C /* Products_VHF.plist */ = {isa = PBXFileReference; lastKnownFileType = text.plist.xml; path = Products_VHF.plist; sourceTree = "<group>"; };
		802302F428B21BCB0008B41C /* ProductView.swift */ = {isa = PBXFileReference; lastKnownFileType = sourcecode.swift; path = ProductView.swift; sourceTree = "<group>"; };
		80345980289FFC0400CBC0FA /* VHF.xcassets */ = {isa = PBXFileReference; lastKnownFileType = folder.assetcatalog; path = VHF.xcassets; sourceTree = "<group>"; };
		8036FE3828B01FE100A94DBE /* ADBanner.swift */ = {isa = PBXFileReference; lastKnownFileType = sourcecode.swift; path = ADBanner.swift; sourceTree = "<group>"; };
		8036FE4428B0D3E000A94DBE /* ModuleView.swift */ = {isa = PBXFileReference; lastKnownFileType = sourcecode.swift; path = ModuleView.swift; sourceTree = "<group>"; };
		8036FE5228B1016000A94DBE /* Configuration_Sternik.storekit */ = {isa = PBXFileReference; fileEncoding = 4; lastKnownFileType = text; path = Configuration_Sternik.storekit; sourceTree = "<group>"; };
		8048F8BF28ACC82200A209BA /* StatsView.swift */ = {isa = PBXFileReference; lastKnownFileType = sourcecode.swift; path = StatsView.swift; sourceTree = "<group>"; };
		80653CF728C411C000C1741B /* Sternik.app */ = {isa = PBXFileReference; explicitFileType = wrapper.application; includeInIndex = 0; path = Sternik.app; sourceTree = BUILT_PRODUCTS_DIR; };
		80653CF828C411C000C1741B /* Radio Amator.app */ = {isa = PBXFileReference; explicitFileType = wrapper.application; includeInIndex = 0; path = "Radio Amator.app"; sourceTree = BUILT_PRODUCTS_DIR; };
		80653CF928C4220B00C1741B /* questions_lrc.json */ = {isa = PBXFileReference; fileEncoding = 4; lastKnownFileType = text.json; path = questions_lrc.json; sourceTree = "<group>"; };
		807FF65A28B40E6D00AF2682 /* questions_src.json */ = {isa = PBXFileReference; fileEncoding = 4; lastKnownFileType = text.json; path = questions_src.json; sourceTree = "<group>"; };
		807FF65B28B40E6D00AF2682 /* questions_vhf.json */ = {isa = PBXFileReference; fileEncoding = 4; lastKnownFileType = text.json; path = questions_vhf.json; sourceTree = "<group>"; };
		807FF65C28B40E6D00AF2682 /* questions_iwc.json */ = {isa = PBXFileReference; fileEncoding = 4; lastKnownFileType = text.json; path = questions_iwc.json; sourceTree = "<group>"; };
		8083DD9D28B2E7A900187B4D /* Products_Sternik.plist */ = {isa = PBXFileReference; lastKnownFileType = text.plist.xml; path = Products_Sternik.plist; sourceTree = "<group>"; };
		8083DD9F28B2EF4E00187B4D /* SwitchModuleView.swift */ = {isa = PBXFileReference; lastKnownFileType = sourcecode.swift; path = SwitchModuleView.swift; sourceTree = "<group>"; };
		8084918F28C569C80047A2BC /* questions_c.json */ = {isa = PBXFileReference; fileEncoding = 4; lastKnownFileType = text.json; path = questions_c.json; sourceTree = "<group>"; };
		8084919028C569C80047A2BC /* questions_a.json */ = {isa = PBXFileReference; fileEncoding = 4; lastKnownFileType = text.json; path = questions_a.json; sourceTree = "<group>"; };
		80A3525828B2E13D0094ADC9 /* CategoryRepository.swift */ = {isa = PBXFileReference; lastKnownFileType = sourcecode.swift; path = CategoryRepository.swift; sourceTree = "<group>"; };
		80A3525928B2E13E0094ADC9 /* Store.swift */ = {isa = PBXFileReference; lastKnownFileType = sourcecode.swift; path = Store.swift; sourceTree = "<group>"; };
		80A6801528A6B69600C28473 /* Configuration_VHF.storekit */ = {isa = PBXFileReference; lastKnownFileType = text; path = Configuration_VHF.storekit; sourceTree = "<group>"; };
		80B0F10328A460E00056A911 /* MainView.swift */ = {isa = PBXFileReference; lastKnownFileType = sourcecode.swift; path = MainView.swift; sourceTree = "<group>"; };
		80C219E828BA7AD400CD492C /* Amator.plist */ = {isa = PBXFileReference; fileEncoding = 4; lastKnownFileType = text.plist.xml; path = Amator.plist; sourceTree = "<group>"; };
		80C88BF02885F8A200059C2C /* Question.swift */ = {isa = PBXFileReference; lastKnownFileType = sourcecode.swift; path = Question.swift; sourceTree = "<group>"; };
		80CF62E728A0877E00C59CAD /* VHF.plist */ = {isa = PBXFileReference; lastKnownFileType = text.plist.xml; path = VHF.plist; sourceTree = "<group>"; };
		80CF62E928A0887A00C59CAD /* Sternik.plist */ = {isa = PBXFileReference; lastKnownFileType = text.plist.xml; path = Sternik.plist; sourceTree = "<group>"; };
		80CF62ED28A1057400C59CAD /* CategoryView.swift */ = {isa = PBXFileReference; lastKnownFileType = sourcecode.swift; path = CategoryView.swift; sourceTree = "<group>"; };
		80CF62F028A1473600C59CAD /* SettingsView.swift */ = {isa = PBXFileReference; lastKnownFileType = sourcecode.swift; path = SettingsView.swift; sourceTree = "<group>"; };
		80D7D8492884A12B009EB03A /* SternikApp.swift */ = {isa = PBXFileReference; lastKnownFileType = sourcecode.swift; path = SternikApp.swift; sourceTree = "<group>"; };
		80D7D84A2884A12B009EB03A /* QuestionView.swift */ = {isa = PBXFileReference; lastKnownFileType = sourcecode.swift; path = QuestionView.swift; sourceTree = "<group>"; };
		80D7D84B2884A132009EB03A /* Sternik.xcassets */ = {isa = PBXFileReference; lastKnownFileType = folder.assetcatalog; path = Sternik.xcassets; sourceTree = "<group>"; };
		80E67F8828860B9900247DDF /* questions_jsm.json */ = {isa = PBXFileReference; fileEncoding = 4; lastKnownFileType = text.json; path = questions_jsm.json; sourceTree = "<group>"; };
		DAAEA07228BF74C00034897E /* Category.swift */ = {isa = PBXFileReference; lastKnownFileType = sourcecode.swift; path = Category.swift; sourceTree = "<group>"; };
		DAAEA07828BF7C650034897E /* DependencyInjection.swift */ = {isa = PBXFileReference; lastKnownFileType = sourcecode.swift; path = DependencyInjection.swift; sourceTree = "<group>"; };
/* End PBXFileReference section */

/* Begin PBXFrameworksBuildPhase section */
		800B6EF728B77DF000FA583B /* Frameworks */ = {
			isa = PBXFrameworksBuildPhase;
			buildActionMask = 2147483647;
			files = (
				800B6EF828B77DF000FA583B /* GoogleMobileAds in Frameworks */,
			);
			runOnlyForDeploymentPostprocessing = 0;
		};
		80CF62D728A0756D00C59CAD /* Frameworks */ = {
			isa = PBXFrameworksBuildPhase;
			buildActionMask = 2147483647;
			files = (
				80C219E128B9642000CD492C /* GoogleMobileAds in Frameworks */,
			);
			runOnlyForDeploymentPostprocessing = 0;
		};
		80D7D84D2884A132009EB03A /* Frameworks */ = {
			isa = PBXFrameworksBuildPhase;
			buildActionMask = 2147483647;
			files = (
				80C219E328B9643E00CD492C /* GoogleMobileAds in Frameworks */,
			);
			runOnlyForDeploymentPostprocessing = 0;
		};
/* End PBXFrameworksBuildPhase section */

/* Begin PBXGroup section */
		800B6EE028B77D7600FA583B /* Amator */ = {
			isa = PBXGroup;
			children = (
				80C219E828BA7AD400CD492C /* Amator.plist */,
				8084919028C569C80047A2BC /* questions_a.json */,
				8084918F28C569C80047A2BC /* questions_c.json */,
				800B6EE328B77DAC00FA583B /* Amator.xcassets */,
				800B6EE428B77DAC00FA583B /* Products_Amator.plist */,
				800B6EE128B77DAA00FA583B /* Configuration_Amator.storekit */,
			);
			path = Amator;
			sourceTree = "<group>";
		};
		8034597C289FE7B300CBC0FA /* Sternik */ = {
			isa = PBXGroup;
			children = (
				8036FE5228B1016000A94DBE /* Configuration_Sternik.storekit */,
				80D7D84B2884A132009EB03A /* Sternik.xcassets */,
				80E67F8828860B9900247DDF /* questions_jsm.json */,
				80CF62E928A0887A00C59CAD /* Sternik.plist */,
				8083DD9D28B2E7A900187B4D /* Products_Sternik.plist */,
			);
			path = Sternik;
			sourceTree = "<group>";
		};
		8034597D289FFA1300CBC0FA /* VHF */ = {
			isa = PBXGroup;
			children = (
				80653CF928C4220B00C1741B /* questions_lrc.json */,
				807FF65C28B40E6D00AF2682 /* questions_iwc.json */,
				807FF65A28B40E6D00AF2682 /* questions_src.json */,
				807FF65B28B40E6D00AF2682 /* questions_vhf.json */,
				80345980289FFC0400CBC0FA /* VHF.xcassets */,
				80CF62E728A0877E00C59CAD /* VHF.plist */,
				802302F128B19B5F0008B41C /* Products_VHF.plist */,
				80A6801528A6B69600C28473 /* Configuration_VHF.storekit */,
			);
			path = VHF;
			sourceTree = "<group>";
		};
		8036FE4328B0D39300A94DBE /* Views */ = {
			isa = PBXGroup;
			children = (
				80CF62ED28A1057400C59CAD /* CategoryView.swift */,
				8036FE4428B0D3E000A94DBE /* ModuleView.swift */,
				8083DD9F28B2EF4E00187B4D /* SwitchModuleView.swift */,
				802302F428B21BCB0008B41C /* ProductView.swift */,
				80B0F10328A460E00056A911 /* MainView.swift */,
				80D7D84A2884A12B009EB03A /* QuestionView.swift */,
				8048F8BF28ACC82200A209BA /* StatsView.swift */,
				80CF62F028A1473600C59CAD /* SettingsView.swift */,
			);
			path = Views;
			sourceTree = "<group>";
		};
		80C219DF28B9642000CD492C /* Frameworks */ = {
			isa = PBXGroup;
			children = (
			);
			name = Frameworks;
			sourceTree = "<group>";
		};
		80D7D8432884A12A009EB03A = {
			isa = PBXGroup;
			children = (
				DAAEA07728BF7C580034897E /* DependencyInjection */,
				DAAEA07628BF757D0034897E /* Repositories */,
				DAAEA07128BF74AB0034897E /* Models */,
				8036FE4328B0D39300A94DBE /* Views */,
				800B6EE028B77D7600FA583B /* Amator */,
				8034597D289FFA1300CBC0FA /* VHF */,
				8034597C289FE7B300CBC0FA /* Sternik */,
				80D7D8492884A12B009EB03A /* SternikApp.swift */,
				8036FE3828B01FE100A94DBE /* ADBanner.swift */,
				80A3525928B2E13E0094ADC9 /* Store.swift */,
				80C219DF28B9642000CD492C /* Frameworks */,
				800B6F0F28B795C500FA583B /* Radio Operator.app */,
				80653CF728C411C000C1741B /* Sternik.app */,
				80653CF828C411C000C1741B /* Radio Amator.app */,
			);
			sourceTree = "<group>";
		};
		DAAEA07128BF74AB0034897E /* Models */ = {
			isa = PBXGroup;
			children = (
				80C88BF02885F8A200059C2C /* Question.swift */,
				DAAEA07228BF74C00034897E /* Category.swift */,
			);
			path = Models;
			sourceTree = "<group>";
		};
		DAAEA07628BF757D0034897E /* Repositories */ = {
			isa = PBXGroup;
			children = (
				80A3525828B2E13D0094ADC9 /* CategoryRepository.swift */,
			);
			path = Repositories;
			sourceTree = "<group>";
		};
		DAAEA07728BF7C580034897E /* DependencyInjection */ = {
			isa = PBXGroup;
			children = (
				DAAEA07828BF7C650034897E /* DependencyInjection.swift */,
			);
			path = DependencyInjection;
			sourceTree = "<group>";
		};
/* End PBXGroup section */

/* Begin PBXNativeTarget section */
		800B6EE528B77DF000FA583B /* Radio Amator (iOS) */ = {
			isa = PBXNativeTarget;
			buildConfigurationList = 800B6F0128B77DF000FA583B /* Build configuration list for PBXNativeTarget "Radio Amator (iOS)" */;
			buildPhases = (
				800B6EE928B77DF000FA583B /* Sources */,
				800B6EF728B77DF000FA583B /* Frameworks */,
				800B6EF928B77DF000FA583B /* Resources */,
			);
			buildRules = (
			);
			dependencies = (
				800B6EE628B77DF000FA583B /* PBXTargetDependency */,
			);
			name = "Radio Amator (iOS)";
			packageProductDependencies = (
				800B6EE728B77DF000FA583B /* GoogleMobileAds */,
			);
			productName = "Sternik (iOS)";
			productReference = 80653CF828C411C000C1741B /* Radio Amator.app */;
			productType = "com.apple.product-type.application";
		};
		80CF62D128A0756D00C59CAD /* Radio Operator (iOS) */ = {
			isa = PBXNativeTarget;
			buildConfigurationList = 80CF62DD28A0756D00C59CAD /* Build configuration list for PBXNativeTarget "Radio Operator (iOS)" */;
			buildPhases = (
				80CF62D228A0756D00C59CAD /* Sources */,
				80CF62D728A0756D00C59CAD /* Frameworks */,
				80CF62D828A0756D00C59CAD /* Resources */,
			);
			buildRules = (
			);
			dependencies = (
				8036FE4228B0224800A94DBE /* PBXTargetDependency */,
			);
			name = "Radio Operator (iOS)";
			packageProductDependencies = (
				80C219E028B9642000CD492C /* GoogleMobileAds */,
			);
			productName = "Sternik (iOS)";
			productReference = 800B6F0F28B795C500FA583B /* Radio Operator.app */;
			productType = "com.apple.product-type.application";
		};
		80D7D84F2884A132009EB03A /* Sternik (iOS) */ = {
			isa = PBXNativeTarget;
			buildConfigurationList = 80D7D8612884A133009EB03A /* Build configuration list for PBXNativeTarget "Sternik (iOS)" */;
			buildPhases = (
				80D7D84C2884A132009EB03A /* Sources */,
				80D7D84D2884A132009EB03A /* Frameworks */,
				80D7D84E2884A132009EB03A /* Resources */,
			);
			buildRules = (
			);
			dependencies = (
				8036FE4828B0DBFF00A94DBE /* PBXTargetDependency */,
			);
			name = "Sternik (iOS)";
			packageProductDependencies = (
				80C219E228B9643E00CD492C /* GoogleMobileAds */,
			);
			productName = "Sternik (iOS)";
			productReference = 80653CF728C411C000C1741B /* Sternik.app */;
			productType = "com.apple.product-type.application";
		};
/* End PBXNativeTarget section */

/* Begin PBXProject section */
		80D7D8442884A12A009EB03A /* Project object */ = {
			isa = PBXProject;
			attributes = {
				BuildIndependentTargetsInParallel = 1;
				LastSwiftUpdateCheck = 1320;
				LastUpgradeCheck = 1400;
				TargetAttributes = {
					80D7D84F2884A132009EB03A = {
						CreatedOnToolsVersion = 13.2.1;
					};
				};
			};
			buildConfigurationList = 80D7D8472884A12A009EB03A /* Build configuration list for PBXProject "Sternik" */;
			compatibilityVersion = "Xcode 13.0";
			developmentRegion = en;
			hasScannedForEncodings = 0;
			knownRegions = (
				en,
				pl,
			);
			mainGroup = 80D7D8432884A12A009EB03A;
			packageReferences = (
				80C219DC28B963AC00CD492C /* XCRemoteSwiftPackageReference "swift-package-manager-google-mobile-ads" */,
			);
			productRefGroup = 80D7D8432884A12A009EB03A;
			projectDirPath = "";
			projectRoot = "";
			targets = (
				80D7D84F2884A132009EB03A /* Sternik (iOS) */,
				80CF62D128A0756D00C59CAD /* Radio Operator (iOS) */,
				800B6EE528B77DF000FA583B /* Radio Amator (iOS) */,
			);
		};
/* End PBXProject section */

/* Begin PBXResourcesBuildPhase section */
		800B6EF928B77DF000FA583B /* Resources */ = {
			isa = PBXResourcesBuildPhase;
			buildActionMask = 2147483647;
			files = (
				8084919128C569C80047A2BC /* questions_c.json in Resources */,
				8084919228C569C80047A2BC /* questions_a.json in Resources */,
				800B6F0A28B787B000FA583B /* Amator.xcassets in Resources */,
				800B6F0C28B787B000FA583B /* Products_Amator.plist in Resources */,
				80C219E928BA7AD400CD492C /* Amator.plist in Resources */,
				800B6F0D28B787B000FA583B /* Configuration_Amator.storekit in Resources */,
			);
			runOnlyForDeploymentPostprocessing = 0;
		};
		80CF62D828A0756D00C59CAD /* Resources */ = {
			isa = PBXResourcesBuildPhase;
			buildActionMask = 2147483647;
			files = (
				800B6EDF28B4587800FA583B /* VHF.xcassets in Resources */,
				807FF65F28B40E6D00AF2682 /* questions_src.json in Resources */,
				807FF66128B40E6D00AF2682 /* questions_iwc.json in Resources */,
				80A6801628A6B69600C28473 /* Configuration_VHF.storekit in Resources */,
				802302F328B19B5F0008B41C /* Products_VHF.plist in Resources */,
				807FF66028B40E6D00AF2682 /* questions_vhf.json in Resources */,
				80653CFA28C4220B00C1741B /* questions_lrc.json in Resources */,
			);
			runOnlyForDeploymentPostprocessing = 0;
		};
		80D7D84E2884A132009EB03A /* Resources */ = {
			isa = PBXResourcesBuildPhase;
			buildActionMask = 2147483647;
			files = (
				8023F1EA28B4414C007601F1 /* Sternik.xcassets in Resources */,
				8023F1E928B44136007601F1 /* Sternik.plist in Resources */,
				8036FE5328B1016000A94DBE /* Configuration_Sternik.storekit in Resources */,
				80E67F8928860B9900247DDF /* questions_jsm.json in Resources */,
				8083DD9E28B2E7A900187B4D /* Products_Sternik.plist in Resources */,
			);
			runOnlyForDeploymentPostprocessing = 0;
		};
/* End PBXResourcesBuildPhase section */

/* Begin PBXSourcesBuildPhase section */
		800B6EE928B77DF000FA583B /* Sources */ = {
			isa = PBXSourcesBuildPhase;
			buildActionMask = 2147483647;
			files = (
				800B6EEA28B77DF000FA583B /* QuestionView.swift in Sources */,
				DAAEA07528BF74C00034897E /* Category.swift in Sources */,
				DAAEA07B28BF7C650034897E /* DependencyInjection.swift in Sources */,
				800B6EEB28B77DF000FA583B /* CategoryRepository.swift in Sources */,
				800B6EEC28B77DF000FA583B /* MainView.swift in Sources */,
				800B6EED28B77DF000FA583B /* SternikApp.swift in Sources */,
				800B6EEE28B77DF000FA583B /* SettingsView.swift in Sources */,
				800B6EEF28B77DF000FA583B /* ProductView.swift in Sources */,
				800B6EF028B77DF000FA583B /* StatsView.swift in Sources */,
				800B6EF128B77DF000FA583B /* Store.swift in Sources */,
				800B6EF228B77DF000FA583B /* ADBanner.swift in Sources */,
				800B6EF328B77DF000FA583B /* SwitchModuleView.swift in Sources */,
				800B6EF428B77DF000FA583B /* Question.swift in Sources */,
				800B6EF528B77DF000FA583B /* ModuleView.swift in Sources */,
				800B6EF628B77DF000FA583B /* CategoryView.swift in Sources */,
			);
			runOnlyForDeploymentPostprocessing = 0;
		};
		80CF62D228A0756D00C59CAD /* Sources */ = {
			isa = PBXSourcesBuildPhase;
			buildActionMask = 2147483647;
			files = (
				80CF62D328A0756D00C59CAD /* QuestionView.swift in Sources */,
				DAAEA07428BF74C00034897E /* Category.swift in Sources */,
				DAAEA07A28BF7C650034897E /* DependencyInjection.swift in Sources */,
				80A3525D28B2E1530094ADC9 /* CategoryRepository.swift in Sources */,
				80B0F10528A460E00056A911 /* MainView.swift in Sources */,
				80CF62D528A0756D00C59CAD /* SternikApp.swift in Sources */,
				80CF62F128A1473600C59CAD /* SettingsView.swift in Sources */,
				802302F628B21BCB0008B41C /* ProductView.swift in Sources */,
				8048F8C128ACC82300A209BA /* StatsView.swift in Sources */,
				80A3525B28B2E1500094ADC9 /* Store.swift in Sources */,
				8036FE3A28B01FE100A94DBE /* ADBanner.swift in Sources */,
				8083DDA128B2EF4E00187B4D /* SwitchModuleView.swift in Sources */,
				80CF62D628A0756D00C59CAD /* Question.swift in Sources */,
				8036FE4628B0D3E000A94DBE /* ModuleView.swift in Sources */,
				80CF62EF28A1057400C59CAD /* CategoryView.swift in Sources */,
			);
			runOnlyForDeploymentPostprocessing = 0;
		};
		80D7D84C2884A132009EB03A /* Sources */ = {
			isa = PBXSourcesBuildPhase;
			buildActionMask = 2147483647;
			files = (
				80D7D85B2884A133009EB03A /* QuestionView.swift in Sources */,
				DAAEA07328BF74C00034897E /* Category.swift in Sources */,
				DAAEA07928BF7C650034897E /* DependencyInjection.swift in Sources */,
				80A3525C28B2E1530094ADC9 /* CategoryRepository.swift in Sources */,
				80B0F10428A460E00056A911 /* MainView.swift in Sources */,
				80D7D8592884A133009EB03A /* SternikApp.swift in Sources */,
				80CF62F228A1473600C59CAD /* SettingsView.swift in Sources */,
				802302F528B21BCB0008B41C /* ProductView.swift in Sources */,
				8048F8C028ACC82300A209BA /* StatsView.swift in Sources */,
				80A3525A28B2E14F0094ADC9 /* Store.swift in Sources */,
				8036FE3928B01FE100A94DBE /* ADBanner.swift in Sources */,
				8083DDA028B2EF4E00187B4D /* SwitchModuleView.swift in Sources */,
				80C88BF12885F8A300059C2C /* Question.swift in Sources */,
				8036FE4528B0D3E000A94DBE /* ModuleView.swift in Sources */,
				80CF62EE28A1057400C59CAD /* CategoryView.swift in Sources */,
			);
			runOnlyForDeploymentPostprocessing = 0;
		};
/* End PBXSourcesBuildPhase section */

/* Begin PBXTargetDependency section */
		800B6EE628B77DF000FA583B /* PBXTargetDependency */ = {
			isa = PBXTargetDependency;
			productRef = 8036FE4128B0224800A94DBE /* GoogleMobileAds */;
		};
		8036FE4228B0224800A94DBE /* PBXTargetDependency */ = {
			isa = PBXTargetDependency;
			productRef = 8036FE4128B0224800A94DBE /* GoogleMobileAds */;
		};
		8036FE4828B0DBFF00A94DBE /* PBXTargetDependency */ = {
			isa = PBXTargetDependency;
			productRef = 8036FE4728B0DBFF00A94DBE /* GoogleMobileAds */;
		};
/* End PBXTargetDependency section */

/* Begin XCBuildConfiguration section */
		800B6F0228B77DF000FA583B /* Debug */ = {
			isa = XCBuildConfiguration;
			buildSettings = {
				ASSETCATALOG_COMPILER_APPICON_NAME = AppIcon;
				ASSETCATALOG_COMPILER_GLOBAL_ACCENT_COLOR_NAME = AccentColor;
				ASSETCATALOG_COMPILER_INCLUDE_ALL_APPICON_ASSETS = NO;
				CODE_SIGN_STYLE = Automatic;
				CURRENT_PROJECT_VERSION = 6;
				DEVELOPMENT_ASSET_PATHS = Amator/Amator.xcassets;
				DEVELOPMENT_TEAM = ZBBD84W4M2;
				ENABLE_PREVIEWS = YES;
				GENERATE_INFOPLIST_FILE = YES;
				INFOPLIST_FILE = Amator/Amator.plist;
				INFOPLIST_KEY_CFBundleDisplayName = "Radio Amator";
				INFOPLIST_KEY_LSApplicationCategoryType = "public.app-category.education";
				INFOPLIST_KEY_UIApplicationSupportsIndirectInputEvents = YES;
				INFOPLIST_KEY_UIRequiresFullScreen = YES;
				INFOPLIST_KEY_UISupportedInterfaceOrientations_iPad = "UIInterfaceOrientationPortrait UIInterfaceOrientationPortraitUpsideDown UIInterfaceOrientationLandscapeLeft UIInterfaceOrientationLandscapeRight";
				INFOPLIST_KEY_UISupportedInterfaceOrientations_iPhone = "UIInterfaceOrientationPortrait UIInterfaceOrientationLandscapeLeft UIInterfaceOrientationLandscapeRight";
				IPHONEOS_DEPLOYMENT_TARGET = 15.0;
				LD_RUNPATH_SEARCH_PATHS = (
					"$(inherited)",
					"@executable_path/Frameworks",
				);
				MARKETING_VERSION = 1.0;
				PRODUCT_BUNDLE_IDENTIFIER = "us.madsoft.radio-amator";
				PRODUCT_NAME = "Radio Amator";
				SDKROOT = iphoneos;
				SWIFT_ACTIVE_COMPILATION_CONDITIONS = "";
				SWIFT_EMIT_LOC_STRINGS = YES;
				SWIFT_VERSION = 5.0;
				TARGETED_DEVICE_FAMILY = "1,2";
			};
			name = Debug;
		};
		800B6F0328B77DF000FA583B /* Release */ = {
			isa = XCBuildConfiguration;
			buildSettings = {
				ASSETCATALOG_COMPILER_APPICON_NAME = AppIcon;
				ASSETCATALOG_COMPILER_GLOBAL_ACCENT_COLOR_NAME = AccentColor;
				ASSETCATALOG_COMPILER_INCLUDE_ALL_APPICON_ASSETS = NO;
				CODE_SIGN_STYLE = Automatic;
				CURRENT_PROJECT_VERSION = 6;
				DEVELOPMENT_ASSET_PATHS = Amator/Amator.xcassets;
				DEVELOPMENT_TEAM = ZBBD84W4M2;
				ENABLE_PREVIEWS = YES;
				GENERATE_INFOPLIST_FILE = YES;
				INFOPLIST_FILE = Amator/Amator.plist;
				INFOPLIST_KEY_CFBundleDisplayName = "Radio Amator";
				INFOPLIST_KEY_LSApplicationCategoryType = "public.app-category.education";
				INFOPLIST_KEY_UIApplicationSupportsIndirectInputEvents = YES;
				INFOPLIST_KEY_UIRequiresFullScreen = YES;
				INFOPLIST_KEY_UISupportedInterfaceOrientations_iPad = "UIInterfaceOrientationPortrait UIInterfaceOrientationPortraitUpsideDown UIInterfaceOrientationLandscapeLeft UIInterfaceOrientationLandscapeRight";
				INFOPLIST_KEY_UISupportedInterfaceOrientations_iPhone = "UIInterfaceOrientationPortrait UIInterfaceOrientationLandscapeLeft UIInterfaceOrientationLandscapeRight";
				IPHONEOS_DEPLOYMENT_TARGET = 15.0;
				LD_RUNPATH_SEARCH_PATHS = (
					"$(inherited)",
					"@executable_path/Frameworks",
				);
				MARKETING_VERSION = 1.0;
				PRODUCT_BUNDLE_IDENTIFIER = "us.madsoft.radio-amator";
				PRODUCT_NAME = "Radio Amator";
				SDKROOT = iphoneos;
				SWIFT_ACTIVE_COMPILATION_CONDITIONS = "";
				SWIFT_EMIT_LOC_STRINGS = YES;
				SWIFT_VERSION = 5.0;
				TARGETED_DEVICE_FAMILY = "1,2";
				VALIDATE_PRODUCT = YES;
			};
			name = Release;
		};
		80CF62DE28A0756D00C59CAD /* Debug */ = {
			isa = XCBuildConfiguration;
			buildSettings = {
				ASSETCATALOG_COMPILER_APPICON_NAME = AppIcon;
				ASSETCATALOG_COMPILER_GLOBAL_ACCENT_COLOR_NAME = AccentColor;
				ASSETCATALOG_COMPILER_INCLUDE_ALL_APPICON_ASSETS = NO;
				CODE_SIGN_STYLE = Automatic;
				CURRENT_PROJECT_VERSION = 6;
				DEVELOPMENT_ASSET_PATHS = VHF/VHF.xcassets;
				DEVELOPMENT_TEAM = ZBBD84W4M2;
				ENABLE_PREVIEWS = YES;
				GENERATE_INFOPLIST_FILE = YES;
				INFOPLIST_FILE = VHF/VHF.plist;
				INFOPLIST_KEY_CFBundleDisplayName = "Radio Operator";
				INFOPLIST_KEY_LSApplicationCategoryType = "public.app-category.education";
				INFOPLIST_KEY_UIApplicationSupportsIndirectInputEvents = YES;
				INFOPLIST_KEY_UIRequiresFullScreen = YES;
				INFOPLIST_KEY_UISupportedInterfaceOrientations_iPad = "UIInterfaceOrientationPortrait UIInterfaceOrientationPortraitUpsideDown UIInterfaceOrientationLandscapeLeft UIInterfaceOrientationLandscapeRight";
				INFOPLIST_KEY_UISupportedInterfaceOrientations_iPhone = "UIInterfaceOrientationPortrait UIInterfaceOrientationLandscapeLeft UIInterfaceOrientationLandscapeRight";
				IPHONEOS_DEPLOYMENT_TARGET = 15.0;
				LD_RUNPATH_SEARCH_PATHS = (
					"$(inherited)",
					"@executable_path/Frameworks",
				);
				MARKETING_VERSION = 1.0;
				PRODUCT_BUNDLE_IDENTIFIER = "us.madsoft.radio-operator";
				PRODUCT_NAME = "Radio Operator";
				SDKROOT = iphoneos;
				SWIFT_ACTIVE_COMPILATION_CONDITIONS = "";
				SWIFT_EMIT_LOC_STRINGS = YES;
				SWIFT_VERSION = 5.0;
				TARGETED_DEVICE_FAMILY = "1,2";
			};
			name = Debug;
		};
		80CF62DF28A0756D00C59CAD /* Release */ = {
			isa = XCBuildConfiguration;
			buildSettings = {
				ASSETCATALOG_COMPILER_APPICON_NAME = AppIcon;
				ASSETCATALOG_COMPILER_GLOBAL_ACCENT_COLOR_NAME = AccentColor;
				ASSETCATALOG_COMPILER_INCLUDE_ALL_APPICON_ASSETS = NO;
				CODE_SIGN_STYLE = Automatic;
				CURRENT_PROJECT_VERSION = 6;
				DEVELOPMENT_ASSET_PATHS = VHF/VHF.xcassets;
				DEVELOPMENT_TEAM = ZBBD84W4M2;
				ENABLE_PREVIEWS = YES;
				GENERATE_INFOPLIST_FILE = YES;
				INFOPLIST_FILE = VHF/VHF.plist;
				INFOPLIST_KEY_CFBundleDisplayName = "Radio Operator";
				INFOPLIST_KEY_LSApplicationCategoryType = "public.app-category.education";
				INFOPLIST_KEY_UIApplicationSupportsIndirectInputEvents = YES;
				INFOPLIST_KEY_UIRequiresFullScreen = YES;
				INFOPLIST_KEY_UISupportedInterfaceOrientations_iPad = "UIInterfaceOrientationPortrait UIInterfaceOrientationPortraitUpsideDown UIInterfaceOrientationLandscapeLeft UIInterfaceOrientationLandscapeRight";
				INFOPLIST_KEY_UISupportedInterfaceOrientations_iPhone = "UIInterfaceOrientationPortrait UIInterfaceOrientationLandscapeLeft UIInterfaceOrientationLandscapeRight";
				IPHONEOS_DEPLOYMENT_TARGET = 15.0;
				LD_RUNPATH_SEARCH_PATHS = (
					"$(inherited)",
					"@executable_path/Frameworks",
				);
				MARKETING_VERSION = 1.0;
				PRODUCT_BUNDLE_IDENTIFIER = "us.madsoft.radio-operator";
				PRODUCT_NAME = "Radio Operator";
				SDKROOT = iphoneos;
				SWIFT_ACTIVE_COMPILATION_CONDITIONS = "";
				SWIFT_EMIT_LOC_STRINGS = YES;
				SWIFT_VERSION = 5.0;
				TARGETED_DEVICE_FAMILY = "1,2";
				VALIDATE_PRODUCT = YES;
			};
			name = Release;
		};
		80D7D85F2884A133009EB03A /* Debug */ = {
			isa = XCBuildConfiguration;
			buildSettings = {
				ALWAYS_SEARCH_USER_PATHS = NO;
				ASSETCATALOG_COMPILER_GLOBAL_ACCENT_COLOR_NAME = AccentColor;
				CLANG_ANALYZER_NONNULL = YES;
				CLANG_ANALYZER_NUMBER_OBJECT_CONVERSION = YES_AGGRESSIVE;
				CLANG_CXX_LANGUAGE_STANDARD = "gnu++17";
				CLANG_CXX_LIBRARY = "libc++";
				CLANG_ENABLE_MODULES = YES;
				CLANG_ENABLE_OBJC_ARC = YES;
				CLANG_ENABLE_OBJC_WEAK = YES;
				CLANG_WARN_BLOCK_CAPTURE_AUTORELEASING = YES;
				CLANG_WARN_BOOL_CONVERSION = YES;
				CLANG_WARN_COMMA = YES;
				CLANG_WARN_CONSTANT_CONVERSION = YES;
				CLANG_WARN_DEPRECATED_OBJC_IMPLEMENTATIONS = YES;
				CLANG_WARN_DIRECT_OBJC_ISA_USAGE = YES_ERROR;
				CLANG_WARN_DOCUMENTATION_COMMENTS = YES;
				CLANG_WARN_EMPTY_BODY = YES;
				CLANG_WARN_ENUM_CONVERSION = YES;
				CLANG_WARN_INFINITE_RECURSION = YES;
				CLANG_WARN_INT_CONVERSION = YES;
				CLANG_WARN_NON_LITERAL_NULL_CONVERSION = YES;
				CLANG_WARN_OBJC_IMPLICIT_RETAIN_SELF = YES;
				CLANG_WARN_OBJC_LITERAL_CONVERSION = YES;
				CLANG_WARN_OBJC_ROOT_CLASS = YES_ERROR;
				CLANG_WARN_QUOTED_INCLUDE_IN_FRAMEWORK_HEADER = YES;
				CLANG_WARN_RANGE_LOOP_ANALYSIS = YES;
				CLANG_WARN_STRICT_PROTOTYPES = YES;
				CLANG_WARN_SUSPICIOUS_MOVE = YES;
				CLANG_WARN_UNGUARDED_AVAILABILITY = YES_AGGRESSIVE;
				CLANG_WARN_UNREACHABLE_CODE = YES;
				CLANG_WARN__DUPLICATE_METHOD_MATCH = YES;
				COPY_PHASE_STRIP = NO;
				DEAD_CODE_STRIPPING = YES;
				DEBUG_INFORMATION_FORMAT = dwarf;
				ENABLE_STRICT_OBJC_MSGSEND = YES;
				ENABLE_TESTABILITY = YES;
				GCC_C_LANGUAGE_STANDARD = gnu11;
				GCC_DYNAMIC_NO_PIC = NO;
				GCC_NO_COMMON_BLOCKS = YES;
				GCC_OPTIMIZATION_LEVEL = 0;
				GCC_PREPROCESSOR_DEFINITIONS = (
					"DEBUG=1",
					"$(inherited)",
				);
				GCC_WARN_64_TO_32_BIT_CONVERSION = YES;
				GCC_WARN_ABOUT_RETURN_TYPE = YES_ERROR;
				GCC_WARN_UNDECLARED_SELECTOR = YES;
				GCC_WARN_UNINITIALIZED_AUTOS = YES_AGGRESSIVE;
				GCC_WARN_UNUSED_FUNCTION = YES;
				GCC_WARN_UNUSED_VARIABLE = YES;
				MTL_ENABLE_DEBUG_INFO = INCLUDE_SOURCE;
				MTL_FAST_MATH = YES;
				ONLY_ACTIVE_ARCH = YES;
				SWIFT_ACTIVE_COMPILATION_CONDITIONS = ObjC;
				SWIFT_OPTIMIZATION_LEVEL = "-Onone";
			};
			name = Debug;
		};
		80D7D8602884A133009EB03A /* Release */ = {
			isa = XCBuildConfiguration;
			buildSettings = {
				ALWAYS_SEARCH_USER_PATHS = NO;
				ASSETCATALOG_COMPILER_GLOBAL_ACCENT_COLOR_NAME = AccentColor;
				CLANG_ANALYZER_NONNULL = YES;
				CLANG_ANALYZER_NUMBER_OBJECT_CONVERSION = YES_AGGRESSIVE;
				CLANG_CXX_LANGUAGE_STANDARD = "gnu++17";
				CLANG_CXX_LIBRARY = "libc++";
				CLANG_ENABLE_MODULES = YES;
				CLANG_ENABLE_OBJC_ARC = YES;
				CLANG_ENABLE_OBJC_WEAK = YES;
				CLANG_WARN_BLOCK_CAPTURE_AUTORELEASING = YES;
				CLANG_WARN_BOOL_CONVERSION = YES;
				CLANG_WARN_COMMA = YES;
				CLANG_WARN_CONSTANT_CONVERSION = YES;
				CLANG_WARN_DEPRECATED_OBJC_IMPLEMENTATIONS = YES;
				CLANG_WARN_DIRECT_OBJC_ISA_USAGE = YES_ERROR;
				CLANG_WARN_DOCUMENTATION_COMMENTS = YES;
				CLANG_WARN_EMPTY_BODY = YES;
				CLANG_WARN_ENUM_CONVERSION = YES;
				CLANG_WARN_INFINITE_RECURSION = YES;
				CLANG_WARN_INT_CONVERSION = YES;
				CLANG_WARN_NON_LITERAL_NULL_CONVERSION = YES;
				CLANG_WARN_OBJC_IMPLICIT_RETAIN_SELF = YES;
				CLANG_WARN_OBJC_LITERAL_CONVERSION = YES;
				CLANG_WARN_OBJC_ROOT_CLASS = YES_ERROR;
				CLANG_WARN_QUOTED_INCLUDE_IN_FRAMEWORK_HEADER = YES;
				CLANG_WARN_RANGE_LOOP_ANALYSIS = YES;
				CLANG_WARN_STRICT_PROTOTYPES = YES;
				CLANG_WARN_SUSPICIOUS_MOVE = YES;
				CLANG_WARN_UNGUARDED_AVAILABILITY = YES_AGGRESSIVE;
				CLANG_WARN_UNREACHABLE_CODE = YES;
				CLANG_WARN__DUPLICATE_METHOD_MATCH = YES;
				COPY_PHASE_STRIP = NO;
				DEAD_CODE_STRIPPING = YES;
				DEBUG_INFORMATION_FORMAT = "dwarf-with-dsym";
				ENABLE_NS_ASSERTIONS = NO;
				ENABLE_STRICT_OBJC_MSGSEND = YES;
				GCC_C_LANGUAGE_STANDARD = gnu11;
				GCC_NO_COMMON_BLOCKS = YES;
				GCC_WARN_64_TO_32_BIT_CONVERSION = YES;
				GCC_WARN_ABOUT_RETURN_TYPE = YES_ERROR;
				GCC_WARN_UNDECLARED_SELECTOR = YES;
				GCC_WARN_UNINITIALIZED_AUTOS = YES_AGGRESSIVE;
				GCC_WARN_UNUSED_FUNCTION = YES;
				GCC_WARN_UNUSED_VARIABLE = YES;
				MTL_ENABLE_DEBUG_INFO = NO;
				MTL_FAST_MATH = YES;
				SWIFT_ACTIVE_COMPILATION_CONDITIONS = ObjC;
				SWIFT_COMPILATION_MODE = wholemodule;
				SWIFT_OPTIMIZATION_LEVEL = "-O";
			};
			name = Release;
		};
		80D7D8622884A133009EB03A /* Debug */ = {
			isa = XCBuildConfiguration;
			buildSettings = {
				ASSETCATALOG_COMPILER_APPICON_NAME = AppIcon;
				ASSETCATALOG_COMPILER_GLOBAL_ACCENT_COLOR_NAME = AccentColor;
				ASSETCATALOG_COMPILER_INCLUDE_ALL_APPICON_ASSETS = NO;
				CODE_SIGN_STYLE = Automatic;
				CURRENT_PROJECT_VERSION = 6;
				DEVELOPMENT_ASSET_PATHS = Sternik/Sternik.xcassets;
				DEVELOPMENT_TEAM = ZBBD84W4M2;
				ENABLE_PREVIEWS = YES;
				GENERATE_INFOPLIST_FILE = YES;
				INFOPLIST_FILE = Sternik/Sternik.plist;
				INFOPLIST_KEY_CFBundleDisplayName = Sternik;
				INFOPLIST_KEY_LSApplicationCategoryType = "public.app-category.education";
				INFOPLIST_KEY_UIApplicationSupportsIndirectInputEvents = YES;
				INFOPLIST_KEY_UILaunchScreen_Generation = YES;
				INFOPLIST_KEY_UIRequiresFullScreen = YES;
				INFOPLIST_KEY_UISupportedInterfaceOrientations_iPad = "UIInterfaceOrientationPortrait UIInterfaceOrientationPortraitUpsideDown UIInterfaceOrientationLandscapeLeft UIInterfaceOrientationLandscapeRight";
				INFOPLIST_KEY_UISupportedInterfaceOrientations_iPhone = "UIInterfaceOrientationPortrait UIInterfaceOrientationLandscapeLeft UIInterfaceOrientationLandscapeRight";
				IPHONEOS_DEPLOYMENT_TARGET = 15.0;
				LD_RUNPATH_SEARCH_PATHS = (
					"$(inherited)",
					"@executable_path/Frameworks",
				);
				MARKETING_VERSION = 1.0;
				PRODUCT_BUNDLE_IDENTIFIER = us.madsoft.sternik;
				PRODUCT_NAME = Sternik;
				SDKROOT = iphoneos;
				SWIFT_ACTIVE_COMPILATION_CONDITIONS = JSM;
				SWIFT_EMIT_LOC_STRINGS = YES;
				SWIFT_VERSION = 5.0;
				TARGETED_DEVICE_FAMILY = "1,2";
			};
			name = Debug;
		};
		80D7D8632884A133009EB03A /* Release */ = {
			isa = XCBuildConfiguration;
			buildSettings = {
				ASSETCATALOG_COMPILER_APPICON_NAME = AppIcon;
				ASSETCATALOG_COMPILER_GLOBAL_ACCENT_COLOR_NAME = AccentColor;
				ASSETCATALOG_COMPILER_INCLUDE_ALL_APPICON_ASSETS = NO;
				CODE_SIGN_STYLE = Automatic;
				CURRENT_PROJECT_VERSION = 6;
				DEVELOPMENT_ASSET_PATHS = Sternik/Sternik.xcassets;
				DEVELOPMENT_TEAM = ZBBD84W4M2;
				ENABLE_PREVIEWS = YES;
				GENERATE_INFOPLIST_FILE = YES;
				INFOPLIST_FILE = Sternik/Sternik.plist;
				INFOPLIST_KEY_CFBundleDisplayName = Sternik;
				INFOPLIST_KEY_LSApplicationCategoryType = "public.app-category.education";
				INFOPLIST_KEY_UIApplicationSupportsIndirectInputEvents = YES;
				INFOPLIST_KEY_UILaunchScreen_Generation = YES;
				INFOPLIST_KEY_UIRequiresFullScreen = YES;
				INFOPLIST_KEY_UISupportedInterfaceOrientations_iPad = "UIInterfaceOrientationPortrait UIInterfaceOrientationPortraitUpsideDown UIInterfaceOrientationLandscapeLeft UIInterfaceOrientationLandscapeRight";
				INFOPLIST_KEY_UISupportedInterfaceOrientations_iPhone = "UIInterfaceOrientationPortrait UIInterfaceOrientationLandscapeLeft UIInterfaceOrientationLandscapeRight";
				IPHONEOS_DEPLOYMENT_TARGET = 15.0;
				LD_RUNPATH_SEARCH_PATHS = (
					"$(inherited)",
					"@executable_path/Frameworks",
				);
				MARKETING_VERSION = 1.0;
				PRODUCT_BUNDLE_IDENTIFIER = us.madsoft.sternik;
				PRODUCT_NAME = Sternik;
				SDKROOT = iphoneos;
				SWIFT_ACTIVE_COMPILATION_CONDITIONS = JSM;
				SWIFT_EMIT_LOC_STRINGS = YES;
				SWIFT_VERSION = 5.0;
				TARGETED_DEVICE_FAMILY = "1,2";
				VALIDATE_PRODUCT = YES;
			};
			name = Release;
		};
/* End XCBuildConfiguration section */

/* Begin XCConfigurationList section */
		800B6F0128B77DF000FA583B /* Build configuration list for PBXNativeTarget "Radio Amator (iOS)" */ = {
			isa = XCConfigurationList;
			buildConfigurations = (
				800B6F0228B77DF000FA583B /* Debug */,
				800B6F0328B77DF000FA583B /* Release */,
			);
			defaultConfigurationIsVisible = 0;
			defaultConfigurationName = Release;
		};
		80CF62DD28A0756D00C59CAD /* Build configuration list for PBXNativeTarget "Radio Operator (iOS)" */ = {
			isa = XCConfigurationList;
			buildConfigurations = (
				80CF62DE28A0756D00C59CAD /* Debug */,
				80CF62DF28A0756D00C59CAD /* Release */,
			);
			defaultConfigurationIsVisible = 0;
			defaultConfigurationName = Release;
		};
		80D7D8472884A12A009EB03A /* Build configuration list for PBXProject "Sternik" */ = {
			isa = XCConfigurationList;
			buildConfigurations = (
				80D7D85F2884A133009EB03A /* Debug */,
				80D7D8602884A133009EB03A /* Release */,
			);
			defaultConfigurationIsVisible = 0;
			defaultConfigurationName = Release;
		};
		80D7D8612884A133009EB03A /* Build configuration list for PBXNativeTarget "Sternik (iOS)" */ = {
			isa = XCConfigurationList;
			buildConfigurations = (
				80D7D8622884A133009EB03A /* Debug */,
				80D7D8632884A133009EB03A /* Release */,
			);
			defaultConfigurationIsVisible = 0;
			defaultConfigurationName = Release;
		};
/* End XCConfigurationList section */

/* Begin XCRemoteSwiftPackageReference section */
		800B6EE828B77DF000FA583B /* XCRemoteSwiftPackageReference "swift-package-manager-google-mobile-ads" */ = {
			isa = XCRemoteSwiftPackageReference;
			repositoryURL = "https://github.com/googleads/swift-package-manager-google-mobile-ads.git";
			requirement = {
				branch = main;
				kind = branch;
			};
		};
		8036FE3B28B0204C00A94DBE /* XCRemoteSwiftPackageReference "swift-package-manager-google-mobile-ads" */ = {
			isa = XCRemoteSwiftPackageReference;
			repositoryURL = "https://github.com/googleads/swift-package-manager-google-mobile-ads.git";
			requirement = {
				branch = main;
				kind = branch;
			};
		};
		80C219DC28B963AC00CD492C /* XCRemoteSwiftPackageReference "swift-package-manager-google-mobile-ads" */ = {
			isa = XCRemoteSwiftPackageReference;
			repositoryURL = "https://github.com/googleads/swift-package-manager-google-mobile-ads.git";
			requirement = {
				branch = main;
				kind = branch;
			};
		};
/* End XCRemoteSwiftPackageReference section */

/* Begin XCSwiftPackageProductDependency section */
		800B6EE728B77DF000FA583B /* GoogleMobileAds */ = {
			isa = XCSwiftPackageProductDependency;
			package = 800B6EE828B77DF000FA583B /* XCRemoteSwiftPackageReference "swift-package-manager-google-mobile-ads" */;
			productName = GoogleMobileAds;
		};
		8036FE4128B0224800A94DBE /* GoogleMobileAds */ = {
			isa = XCSwiftPackageProductDependency;
			package = 8036FE3B28B0204C00A94DBE /* XCRemoteSwiftPackageReference "swift-package-manager-google-mobile-ads" */;
			productName = GoogleMobileAds;
		};
		8036FE4728B0DBFF00A94DBE /* GoogleMobileAds */ = {
			isa = XCSwiftPackageProductDependency;
			package = 8036FE3B28B0204C00A94DBE /* XCRemoteSwiftPackageReference "swift-package-manager-google-mobile-ads" */;
			productName = GoogleMobileAds;
		};
		80C219E028B9642000CD492C /* GoogleMobileAds */ = {
			isa = XCSwiftPackageProductDependency;
			package = 80C219DC28B963AC00CD492C /* XCRemoteSwiftPackageReference "swift-package-manager-google-mobile-ads" */;
			productName = GoogleMobileAds;
		};
		80C219E228B9643E00CD492C /* GoogleMobileAds */ = {
			isa = XCSwiftPackageProductDependency;
			package = 80C219DC28B963AC00CD492C /* XCRemoteSwiftPackageReference "swift-package-manager-google-mobile-ads" */;
			productName = GoogleMobileAds;
		};
/* End XCSwiftPackageProductDependency section */
	};
	rootObject = 80D7D8442884A12A009EB03A /* Project object */;
}
